PODS:
  - AFNetworking (3.2.1):
    - AFNetworking/NSURLSession (= 3.2.1)
    - AFNetworking/Reachability (= 3.2.1)
    - AFNetworking/Security (= 3.2.1)
    - AFNetworking/Serialization (= 3.2.1)
    - AFNetworking/UIKit (= 3.2.1)
  - AFNetworking/NSURLSession (3.2.1):
    - AFNetworking/Reachability
    - AFNetworking/Security
    - AFNetworking/Serialization
  - AFNetworking/Reachability (3.2.1)
  - AFNetworking/Security (3.2.1)
  - AFNetworking/Serialization (3.2.1)
  - AFNetworking/UIKit (3.2.1):
    - AFNetworking/NSURLSession
  - LYEmptyView (1.2.0)
  - Masonry (1.1.0)
  - MJRefresh (3.1.15.3)
  - SDWebImage (4.0.0):
    - SDWebImage/Core (= 4.0.0)
  - SDWebImage/Core (4.0.0)
  - SVProgressHUD (2.2.5)
  - "UITableView+FDTemplateLayoutCell (1.6)"
  - "XLPhotoBrowser+CoderXL (1.2.0)":
    - SDWebImage (~> 4.0.0)
  - XMLDictionary (1.4.1)
  - YYKit (1.0.9):
    - YYKit/no-arc (= 1.0.9)
  - YYKit/no-arc (1.0.9)

DEPENDENCIES:
  - AFNetworking
  - LYEmptyView
  - Masonry (~> 1.1.0)
  - MJRefresh (~> 3.1.15.3)
  - SVProgressHUD
  - "UITableView+FDTemplateLayoutCell"
  - "XLPhotoBrowser+CoderXL"
  - XMLDictionary
  - YYKit

SPEC REPOS:
  https://github.com/cocoapods/specs.git:
    - AFNetworking
    - LYEmptyView
    - Masonry
    - MJRefresh
    - SDWebImage
    - SVProgressHUD
    - "UITableView+FDTemplateLayoutCell"
    - "XLPhotoBrowser+CoderXL"
    - XMLDictionary
    - YYKit

SPEC CHECKSUMS:
  AFNetworking: b6f891fdfaed196b46c7a83cf209e09697b94057
  LYEmptyView: f9a7b1bd6c61577c2765abba327332666f1b2857
  Masonry: 678fab65091a9290e40e2832a55e7ab731aad201
  MJRefresh: b48380ae2b927b46c4ef000de9adb8dc748e1df7
  SDWebImage: 76a6348bdc74eb5a55dd08a091ef298e56b55e41
  SVProgressHUD: 1428aafac632c1f86f62aa4243ec12008d7a51d6
  "UITableView+FDTemplateLayoutCell": 5c949b4a5059c404b442926c0e80f81d10a2d66f
  "XLPhotoBrowser+CoderXL": 2bf4036e2af4611b24bde1681e24c64ed01fbe98
  XMLDictionary: fa07b6ff422b3a91d47a5de9bc82e3fc04fbd167
  YYKit: 7cda43304a8dc3696c449041e2cb3107b4e236e7

PODFILE CHECKSUM: 5437dc84a6b07cbf7a2f264f8bc211941ffa75a6

COCOAPODS: 1.5.3
