PODS:
  - AFNetworking (3.2.1):
    - AFNetworking/NSURLSession (= 3.2.1)
    - AFNetworking/Reachability (= 3.2.1)
    - AFNetworking/Security (= 3.2.1)
    - AFNetworking/Serialization (= 3.2.1)
    - AFNetworking/UIKit (= 3.2.1)
  - AFNetworking/NSURLSession (3.2.1):
    - AFNetworking/Reachability
    - AFNetworking/Security
    - AFNetworking/Serialization
  - AFNetworking/Reachability (3.2.1)
  - AFNetworking/Security (3.2.1)
  - AFNetworking/Serialization (3.2.1)
  - AFNetworking/UIKit (3.2.1):
    - AFNetworking/NSURLSession
  - LYEmptyView (1.2.0)
  - Masonry (1.1.0)
  - MJRefresh (3.1.15.3)
  - "UITableView+FDTemplateLayoutCell (1.6)"
  - XMLDictionary (1.4.1)
  - YYKit (1.0.9):
    - YYKit/no-arc (= 1.0.9)
  - YYKit/no-arc (1.0.9)

DEPENDENCIES:
  - AFNetworking
  - LYEmptyView
  - Masonry (~> 1.1.0)
  - MJRefresh (~> 3.1.15.3)
  - "UITableView+FDTemplateLayoutCell"
  - XMLDictionary
  - YYKit

SPEC REPOS:
  https://github.com/cocoapods/specs.git:
    - AFNetworking
    - LYEmptyView
    - Masonry
    - MJRefresh
    - "UITableView+FDTemplateLayoutCell"
    - XMLDictionary
    - YYKit

SPEC CHECKSUMS:
  AFNetworking: b6f891fdfaed196b46c7a83cf209e09697b94057
  LYEmptyView: f9a7b1bd6c61577c2765abba327332666f1b2857
  Masonry: 678fab65091a9290e40e2832a55e7ab731aad201
  MJRefresh: b48380ae2b927b46c4ef000de9adb8dc748e1df7
  "UITableView+FDTemplateLayoutCell": 5c949b4a5059c404b442926c0e80f81d10a2d66f
  XMLDictionary: fa07b6ff422b3a91d47a5de9bc82e3fc04fbd167
  YYKit: 7cda43304a8dc3696c449041e2cb3107b4e236e7

PODFILE CHECKSUM: f6e78324b87bba97f0198243a11715826d31751a

COCOAPODS: 1.5.3
