// !$*UTF8*$!
{
	archiveVersion = 1;
	classes = {
	};
	objectVersion = 50;
	objects = {

/* Begin PBXBuildFile section */
		047129AE21217B5A00EEADE5 /* Foundation.framework in Frameworks */ = {isa = PBXBuildFile; fileRef = 047129AD21217B5A00EEADE5 /* Foundation.framework */; };
		047129B421217EF600EEADE5 /* WorkViewController.m in Sources */ = {isa = PBXBuildFile; fileRef = 047129B321217EF600EEADE5 /* WorkViewController.m */; };
		047129BA2122A9F000EEADE5 /* WLWorkCell.m in Sources */ = {isa = PBXBuildFile; fileRef = 047129B92122A9F000EEADE5 /* WLWorkCell.m */; };
		047129C32122C81900EEADE5 /* WLWorkTopView.m in Sources */ = {isa = PBXBuildFile; fileRef = 047129C22122C81900EEADE5 /* WLWorkTopView.m */; };
		047129CD2122DEDB00EEADE5 /* WLVerticalButton.m in Sources */ = {isa = PBXBuildFile; fileRef = 047129CC2122DEDB00EEADE5 /* WLVerticalButton.m */; };
		04C5310021212BC900C90964 /* AppDelegate.m in Sources */ = {isa = PBXBuildFile; fileRef = 04C530FF21212BC900C90964 /* AppDelegate.m */; };
		04C5310821212BCB00C90964 /* Assets.xcassets in Resources */ = {isa = PBXBuildFile; fileRef = 04C5310721212BCB00C90964 /* Assets.xcassets */; };
		04C5310E21212BCB00C90964 /* main.m in Sources */ = {isa = PBXBuildFile; fileRef = 04C5310D21212BCB00C90964 /* main.m */; };
		04C5311821212BCB00C90964 /* waterConservancyTests.m in Sources */ = {isa = PBXBuildFile; fileRef = 04C5311721212BCB00C90964 /* waterConservancyTests.m */; };
		04C5312321212BCB00C90964 /* waterConservancyUITests.m in Sources */ = {isa = PBXBuildFile; fileRef = 04C5312221212BCB00C90964 /* waterConservancyUITests.m */; };
		5A4CF1662122795F00D72FE5 /* DJLoadViewController.m in Sources */ = {isa = PBXBuildFile; fileRef = 5A4CF1652122795F00D72FE5 /* DJLoadViewController.m */; };
		5A4CF16D21227B1600D72FE5 /* YXDownListView.m in Sources */ = {isa = PBXBuildFile; fileRef = 5A4CF16921227B1600D72FE5 /* YXDownListView.m */; };
		5A4CF16E21227B1600D72FE5 /* YXForgetView.m in Sources */ = {isa = PBXBuildFile; fileRef = 5A4CF16A21227B1600D72FE5 /* YXForgetView.m */; };
		5A4CF16F21227B1600D72FE5 /* YXSaveUserCell.m in Sources */ = {isa = PBXBuildFile; fileRef = 5A4CF16C21227B1600D72FE5 /* YXSaveUserCell.m */; };
		5A4CF17721227C6500D72FE5 /* TNIUDateTools.m in Sources */ = {isa = PBXBuildFile; fileRef = 5A4CF17121227C6500D72FE5 /* TNIUDateTools.m */; };
		5A4CF17821227C6500D72FE5 /* YXDataResolveTool.m in Sources */ = {isa = PBXBuildFile; fileRef = 5A4CF17221227C6500D72FE5 /* YXDataResolveTool.m */; };
		5A4CF17921227C6500D72FE5 /* YXNetTool.m in Sources */ = {isa = PBXBuildFile; fileRef = 5A4CF17521227C6500D72FE5 /* YXNetTool.m */; };
		5A4CF1832122801300D72FE5 /* YXTabbarController.m in Sources */ = {isa = PBXBuildFile; fileRef = 5A4CF17C2122801300D72FE5 /* YXTabbarController.m */; };
		5A4CF1842122801300D72FE5 /* YXBaseViewController.m in Sources */ = {isa = PBXBuildFile; fileRef = 5A4CF17D2122801300D72FE5 /* YXBaseViewController.m */; };
		5A4CF1862122801300D72FE5 /* YXNavViewController.m in Sources */ = {isa = PBXBuildFile; fileRef = 5A4CF1812122801300D72FE5 /* YXNavViewController.m */; };
		5A4CF18E2122806600D72FE5 /* YXBackBtn.m in Sources */ = {isa = PBXBuildFile; fileRef = 5A4CF1882122806500D72FE5 /* YXBackBtn.m */; };
		5A4CF18F2122806600D72FE5 /* YXTarbar.m in Sources */ = {isa = PBXBuildFile; fileRef = 5A4CF1892122806500D72FE5 /* YXTarbar.m */; };
		5A4CF1902122806600D72FE5 /* YXBaseTableViewCell.m in Sources */ = {isa = PBXBuildFile; fileRef = 5A4CF18D2122806500D72FE5 /* YXBaseTableViewCell.m */; };
		5A4CF1922122832B00D72FE5 /* Main.storyboard in Resources */ = {isa = PBXBuildFile; fileRef = 5A4CF1912122832B00D72FE5 /* Main.storyboard */; };
		5A4CF195212283E200D72FE5 /* ViewController.m in Sources */ = {isa = PBXBuildFile; fileRef = 5A4CF194212283E200D72FE5 /* ViewController.m */; };
		8841E8835D90F5303BCEA6DB /* libPods-waterConservancy.a in Frameworks */ = {isa = PBXBuildFile; fileRef = 0C0C5E7A62458F22B4104EA4 /* libPods-waterConservancy.a */; };
/* End PBXBuildFile section */

/* Begin PBXContainerItemProxy section */
		04C5311421212BCB00C90964 /* PBXContainerItemProxy */ = {
			isa = PBXContainerItemProxy;
			containerPortal = 04C530F321212BC900C90964 /* Project object */;
			proxyType = 1;
			remoteGlobalIDString = 04C530FA21212BC900C90964;
			remoteInfo = waterConservancy;
		};
		04C5311F21212BCB00C90964 /* PBXContainerItemProxy */ = {
			isa = PBXContainerItemProxy;
			containerPortal = 04C530F321212BC900C90964 /* Project object */;
			proxyType = 1;
			remoteGlobalIDString = 04C530FA21212BC900C90964;
			remoteInfo = waterConservancy;
		};
/* End PBXContainerItemProxy section */

/* Begin PBXFileReference section */
		0471298C21216CF300EEADE5 /* TypeDefine.h */ = {isa = PBXFileReference; lastKnownFileType = sourcecode.c.h; path = TypeDefine.h; sourceTree = "<group>"; };
		047129AD21217B5A00EEADE5 /* Foundation.framework */ = {isa = PBXFileReference; lastKnownFileType = wrapper.framework; name = Foundation.framework; path = System/Library/Frameworks/Foundation.framework; sourceTree = SDKROOT; };
		047129B221217EF600EEADE5 /* WorkViewController.h */ = {isa = PBXFileReference; lastKnownFileType = sourcecode.c.h; path = WorkViewController.h; sourceTree = "<group>"; };
		047129B321217EF600EEADE5 /* WorkViewController.m */ = {isa = PBXFileReference; lastKnownFileType = sourcecode.c.objc; path = WorkViewController.m; sourceTree = "<group>"; };
		047129B521217FEC00EEADE5 /* CodingStandard.h */ = {isa = PBXFileReference; lastKnownFileType = sourcecode.c.h; path = CodingStandard.h; sourceTree = "<group>"; };
		047129B82122A9F000EEADE5 /* WLWorkCell.h */ = {isa = PBXFileReference; lastKnownFileType = sourcecode.c.h; path = WLWorkCell.h; sourceTree = "<group>"; };
		047129B92122A9F000EEADE5 /* WLWorkCell.m */ = {isa = PBXFileReference; lastKnownFileType = sourcecode.c.objc; path = WLWorkCell.m; sourceTree = "<group>"; };
		047129C12122C81900EEADE5 /* WLWorkTopView.h */ = {isa = PBXFileReference; lastKnownFileType = sourcecode.c.h; path = WLWorkTopView.h; sourceTree = "<group>"; };
		047129C22122C81900EEADE5 /* WLWorkTopView.m */ = {isa = PBXFileReference; lastKnownFileType = sourcecode.c.objc; path = WLWorkTopView.m; sourceTree = "<group>"; };
		047129CB2122DEDB00EEADE5 /* WLVerticalButton.h */ = {isa = PBXFileReference; lastKnownFileType = sourcecode.c.h; path = WLVerticalButton.h; sourceTree = "<group>"; };
		047129CC2122DEDB00EEADE5 /* WLVerticalButton.m */ = {isa = PBXFileReference; lastKnownFileType = sourcecode.c.objc; path = WLVerticalButton.m; sourceTree = "<group>"; };
		04C530FB21212BC900C90964 /* waterConservancy.app */ = {isa = PBXFileReference; explicitFileType = wrapper.application; includeInIndex = 0; path = waterConservancy.app; sourceTree = BUILT_PRODUCTS_DIR; };
		04C530FE21212BC900C90964 /* AppDelegate.h */ = {isa = PBXFileReference; lastKnownFileType = sourcecode.c.h; path = AppDelegate.h; sourceTree = "<group>"; };
		04C530FF21212BC900C90964 /* AppDelegate.m */ = {isa = PBXFileReference; lastKnownFileType = sourcecode.c.objc; path = AppDelegate.m; sourceTree = "<group>"; };
		04C5310721212BCB00C90964 /* Assets.xcassets */ = {isa = PBXFileReference; lastKnownFileType = folder.assetcatalog; path = Assets.xcassets; sourceTree = "<group>"; };
		04C5310C21212BCB00C90964 /* Info.plist */ = {isa = PBXFileReference; lastKnownFileType = text.plist.xml; path = Info.plist; sourceTree = "<group>"; };
		04C5310D21212BCB00C90964 /* main.m */ = {isa = PBXFileReference; lastKnownFileType = sourcecode.c.objc; path = main.m; sourceTree = "<group>"; };
		04C5311321212BCB00C90964 /* waterConservancyTests.xctest */ = {isa = PBXFileReference; explicitFileType = wrapper.cfbundle; includeInIndex = 0; path = waterConservancyTests.xctest; sourceTree = BUILT_PRODUCTS_DIR; };
		04C5311721212BCB00C90964 /* waterConservancyTests.m */ = {isa = PBXFileReference; lastKnownFileType = sourcecode.c.objc; path = waterConservancyTests.m; sourceTree = "<group>"; };
		04C5311921212BCB00C90964 /* Info.plist */ = {isa = PBXFileReference; lastKnownFileType = text.plist.xml; path = Info.plist; sourceTree = "<group>"; };
		04C5311E21212BCB00C90964 /* waterConservancyUITests.xctest */ = {isa = PBXFileReference; explicitFileType = wrapper.cfbundle; includeInIndex = 0; path = waterConservancyUITests.xctest; sourceTree = BUILT_PRODUCTS_DIR; };
		04C5312221212BCB00C90964 /* waterConservancyUITests.m */ = {isa = PBXFileReference; lastKnownFileType = sourcecode.c.objc; path = waterConservancyUITests.m; sourceTree = "<group>"; };
		04C5312421212BCB00C90964 /* Info.plist */ = {isa = PBXFileReference; lastKnownFileType = text.plist.xml; path = Info.plist; sourceTree = "<group>"; };
		04C5313A21215E3100C90964 /* WaterConservancy-Prefix.pch */ = {isa = PBXFileReference; lastKnownFileType = sourcecode.c.h; path = "WaterConservancy-Prefix.pch"; sourceTree = "<group>"; };
		04C5313C21215E6A00C90964 /* CommonMacro.h */ = {isa = PBXFileReference; lastKnownFileType = sourcecode.c.h; path = CommonMacro.h; sourceTree = "<group>"; };
		0C0C5E7A62458F22B4104EA4 /* libPods-waterConservancy.a */ = {isa = PBXFileReference; explicitFileType = archive.ar; includeInIndex = 0; path = "libPods-waterConservancy.a"; sourceTree = BUILT_PRODUCTS_DIR; };
		5A4CF1642122795F00D72FE5 /* DJLoadViewController.h */ = {isa = PBXFileReference; lastKnownFileType = sourcecode.c.h; path = DJLoadViewController.h; sourceTree = "<group>"; };
		5A4CF1652122795F00D72FE5 /* DJLoadViewController.m */ = {isa = PBXFileReference; lastKnownFileType = sourcecode.c.objc; path = DJLoadViewController.m; sourceTree = "<group>"; };
		5A4CF16721227B1600D72FE5 /* YXDownListView.h */ = {isa = PBXFileReference; fileEncoding = 4; lastKnownFileType = sourcecode.c.h; path = YXDownListView.h; sourceTree = "<group>"; };
		5A4CF16821227B1600D72FE5 /* YXForgetView.h */ = {isa = PBXFileReference; fileEncoding = 4; lastKnownFileType = sourcecode.c.h; path = YXForgetView.h; sourceTree = "<group>"; };
		5A4CF16921227B1600D72FE5 /* YXDownListView.m */ = {isa = PBXFileReference; fileEncoding = 4; lastKnownFileType = sourcecode.c.objc; path = YXDownListView.m; sourceTree = "<group>"; };
		5A4CF16A21227B1600D72FE5 /* YXForgetView.m */ = {isa = PBXFileReference; fileEncoding = 4; lastKnownFileType = sourcecode.c.objc; path = YXForgetView.m; sourceTree = "<group>"; };
		5A4CF16B21227B1600D72FE5 /* YXSaveUserCell.h */ = {isa = PBXFileReference; fileEncoding = 4; lastKnownFileType = sourcecode.c.h; path = YXSaveUserCell.h; sourceTree = "<group>"; };
		5A4CF16C21227B1600D72FE5 /* YXSaveUserCell.m */ = {isa = PBXFileReference; fileEncoding = 4; lastKnownFileType = sourcecode.c.objc; path = YXSaveUserCell.m; sourceTree = "<group>"; };
		5A4CF17121227C6500D72FE5 /* TNIUDateTools.m */ = {isa = PBXFileReference; fileEncoding = 4; lastKnownFileType = sourcecode.c.objc; path = TNIUDateTools.m; sourceTree = "<group>"; };
		5A4CF17221227C6500D72FE5 /* YXDataResolveTool.m */ = {isa = PBXFileReference; fileEncoding = 4; lastKnownFileType = sourcecode.c.objc; path = YXDataResolveTool.m; sourceTree = "<group>"; };
		5A4CF17321227C6500D72FE5 /* YXNetTool.h */ = {isa = PBXFileReference; fileEncoding = 4; lastKnownFileType = sourcecode.c.h; path = YXNetTool.h; sourceTree = "<group>"; };
		5A4CF17421227C6500D72FE5 /* TNIUDateTools.h */ = {isa = PBXFileReference; fileEncoding = 4; lastKnownFileType = sourcecode.c.h; path = TNIUDateTools.h; sourceTree = "<group>"; };
		5A4CF17521227C6500D72FE5 /* YXNetTool.m */ = {isa = PBXFileReference; fileEncoding = 4; lastKnownFileType = sourcecode.c.objc; path = YXNetTool.m; sourceTree = "<group>"; };
		5A4CF17621227C6500D72FE5 /* YXDataResolveTool.h */ = {isa = PBXFileReference; fileEncoding = 4; lastKnownFileType = sourcecode.c.h; path = YXDataResolveTool.h; sourceTree = "<group>"; };
		5A4CF17B2122801300D72FE5 /* YXNavViewController.h */ = {isa = PBXFileReference; fileEncoding = 4; lastKnownFileType = sourcecode.c.h; path = YXNavViewController.h; sourceTree = "<group>"; };
		5A4CF17C2122801300D72FE5 /* YXTabbarController.m */ = {isa = PBXFileReference; fileEncoding = 4; lastKnownFileType = sourcecode.c.objc; path = YXTabbarController.m; sourceTree = "<group>"; };
		5A4CF17D2122801300D72FE5 /* YXBaseViewController.m */ = {isa = PBXFileReference; fileEncoding = 4; lastKnownFileType = sourcecode.c.objc; path = YXBaseViewController.m; sourceTree = "<group>"; };
		5A4CF17F2122801300D72FE5 /* YXBaseViewController.h */ = {isa = PBXFileReference; fileEncoding = 4; lastKnownFileType = sourcecode.c.h; path = YXBaseViewController.h; sourceTree = "<group>"; };
		5A4CF1802122801300D72FE5 /* YXTabbarController.h */ = {isa = PBXFileReference; fileEncoding = 4; lastKnownFileType = sourcecode.c.h; path = YXTabbarController.h; sourceTree = "<group>"; };
		5A4CF1812122801300D72FE5 /* YXNavViewController.m */ = {isa = PBXFileReference; fileEncoding = 4; lastKnownFileType = sourcecode.c.objc; path = YXNavViewController.m; sourceTree = "<group>"; };
		5A4CF1882122806500D72FE5 /* YXBackBtn.m */ = {isa = PBXFileReference; fileEncoding = 4; lastKnownFileType = sourcecode.c.objc; path = YXBackBtn.m; sourceTree = "<group>"; };
		5A4CF1892122806500D72FE5 /* YXTarbar.m */ = {isa = PBXFileReference; fileEncoding = 4; lastKnownFileType = sourcecode.c.objc; path = YXTarbar.m; sourceTree = "<group>"; };
		5A4CF18A2122806500D72FE5 /* YXBaseTableViewCell.h */ = {isa = PBXFileReference; fileEncoding = 4; lastKnownFileType = sourcecode.c.h; path = YXBaseTableViewCell.h; sourceTree = "<group>"; };
		5A4CF18B2122806500D72FE5 /* YXBackBtn.h */ = {isa = PBXFileReference; fileEncoding = 4; lastKnownFileType = sourcecode.c.h; path = YXBackBtn.h; sourceTree = "<group>"; };
		5A4CF18C2122806500D72FE5 /* YXTarbar.h */ = {isa = PBXFileReference; fileEncoding = 4; lastKnownFileType = sourcecode.c.h; path = YXTarbar.h; sourceTree = "<group>"; };
		5A4CF18D2122806500D72FE5 /* YXBaseTableViewCell.m */ = {isa = PBXFileReference; fileEncoding = 4; lastKnownFileType = sourcecode.c.objc; path = YXBaseTableViewCell.m; sourceTree = "<group>"; };
		5A4CF1912122832B00D72FE5 /* Main.storyboard */ = {isa = PBXFileReference; fileEncoding = 4; lastKnownFileType = file.storyboard; path = Main.storyboard; sourceTree = "<group>"; };
		5A4CF193212283E100D72FE5 /* ViewController.h */ = {isa = PBXFileReference; fileEncoding = 4; lastKnownFileType = sourcecode.c.h; path = ViewController.h; sourceTree = "<group>"; };
		5A4CF194212283E200D72FE5 /* ViewController.m */ = {isa = PBXFileReference; fileEncoding = 4; lastKnownFileType = sourcecode.c.objc; path = ViewController.m; sourceTree = "<group>"; };
		69E75B7A348455A4C6F7FB29 /* Pods-waterConservancy.release.xcconfig */ = {isa = PBXFileReference; includeInIndex = 1; lastKnownFileType = text.xcconfig; name = "Pods-waterConservancy.release.xcconfig"; path = "Pods/Target Support Files/Pods-waterConservancy/Pods-waterConservancy.release.xcconfig"; sourceTree = "<group>"; };
		852F732D60868C4918F85BA0 /* Pods-waterConservancy.debug.xcconfig */ = {isa = PBXFileReference; includeInIndex = 1; lastKnownFileType = text.xcconfig; name = "Pods-waterConservancy.debug.xcconfig"; path = "Pods/Target Support Files/Pods-waterConservancy/Pods-waterConservancy.debug.xcconfig"; sourceTree = "<group>"; };
/* End PBXFileReference section */

/* Begin PBXFrameworksBuildPhase section */
		04C530F821212BC900C90964 /* Frameworks */ = {
			isa = PBXFrameworksBuildPhase;
			buildActionMask = 2147483647;
			files = (
				047129AE21217B5A00EEADE5 /* Foundation.framework in Frameworks */,
				8841E8835D90F5303BCEA6DB /* libPods-waterConservancy.a in Frameworks */,
			);
			runOnlyForDeploymentPostprocessing = 0;
		};
		04C5311021212BCB00C90964 /* Frameworks */ = {
			isa = PBXFrameworksBuildPhase;
			buildActionMask = 2147483647;
			files = (
			);
			runOnlyForDeploymentPostprocessing = 0;
		};
		04C5311B21212BCB00C90964 /* Frameworks */ = {
			isa = PBXFrameworksBuildPhase;
			buildActionMask = 2147483647;
			files = (
			);
			runOnlyForDeploymentPostprocessing = 0;
		};
/* End PBXFrameworksBuildPhase section */

/* Begin PBXGroup section */
		0471298D2121734C00EEADE5 /* SecurityCloud(安全云) */ = {
			isa = PBXGroup;
			children = (
				0471298E2121734C00EEADE5 /* Model */,
				0471298F2121734C00EEADE5 /* View */,
				047129902121734C00EEADE5 /* Controllers */,
			);
			path = "SecurityCloud(安全云)";
			sourceTree = "<group>";
		};
		0471298E2121734C00EEADE5 /* Model */ = {
			isa = PBXGroup;
			children = (
			);
			path = Model;
			sourceTree = "<group>";
		};
		0471298F2121734C00EEADE5 /* View */ = {
			isa = PBXGroup;
			children = (
			);
			path = View;
			sourceTree = "<group>";
		};
		047129902121734C00EEADE5 /* Controllers */ = {
			isa = PBXGroup;
			children = (
			);
			path = Controllers;
			sourceTree = "<group>";
		};
		047129912121734C00EEADE5 /* Work(办公) */ = {
			isa = PBXGroup;
			children = (
				047129922121734C00EEADE5 /* Model */,
				047129932121734C00EEADE5 /* View */,
				047129942121734C00EEADE5 /* Controllers */,
			);
			path = "Work(办公)";
			sourceTree = "<group>";
		};
		047129922121734C00EEADE5 /* Model */ = {
			isa = PBXGroup;
			children = (
			);
			path = Model;
			sourceTree = "<group>";
		};
		047129932121734C00EEADE5 /* View */ = {
			isa = PBXGroup;
			children = (
				047129B82122A9F000EEADE5 /* WLWorkCell.h */,
				047129B92122A9F000EEADE5 /* WLWorkCell.m */,
				047129C12122C81900EEADE5 /* WLWorkTopView.h */,
				047129C22122C81900EEADE5 /* WLWorkTopView.m */,
				047129CB2122DEDB00EEADE5 /* WLVerticalButton.h */,
				047129CC2122DEDB00EEADE5 /* WLVerticalButton.m */,
			);
			path = View;
			sourceTree = "<group>";
		};
		047129942121734C00EEADE5 /* Controllers */ = {
			isa = PBXGroup;
			children = (
				047129B221217EF600EEADE5 /* WorkViewController.h */,
				047129B321217EF600EEADE5 /* WorkViewController.m */,
			);
			path = Controllers;
			sourceTree = "<group>";
		};
		047129952121734C00EEADE5 /* Special(专题图) */ = {
			isa = PBXGroup;
			children = (
				047129962121734C00EEADE5 /* Model */,
				047129972121734C00EEADE5 /* View */,
				047129982121734C00EEADE5 /* Controllers */,
			);
			path = "Special(专题图)";
			sourceTree = "<group>";
		};
		047129962121734C00EEADE5 /* Model */ = {
			isa = PBXGroup;
			children = (
			);
			path = Model;
			sourceTree = "<group>";
		};
		047129972121734C00EEADE5 /* View */ = {
			isa = PBXGroup;
			children = (
			);
			path = View;
			sourceTree = "<group>";
		};
		047129982121734C00EEADE5 /* Controllers */ = {
			isa = PBXGroup;
			children = (
			);
			path = Controllers;
			sourceTree = "<group>";
		};
		047129992121734C00EEADE5 /* MailList(通讯录) */ = {
			isa = PBXGroup;
			children = (
				0471299A2121734C00EEADE5 /* Model */,
				0471299B2121734C00EEADE5 /* View */,
				0471299C2121734C00EEADE5 /* Controllers */,
			);
			path = "MailList(通讯录)";
			sourceTree = "<group>";
		};
		0471299A2121734C00EEADE5 /* Model */ = {
			isa = PBXGroup;
			children = (
			);
			path = Model;
			sourceTree = "<group>";
		};
		0471299B2121734C00EEADE5 /* View */ = {
			isa = PBXGroup;
			children = (
			);
			path = View;
			sourceTree = "<group>";
		};
		0471299C2121734C00EEADE5 /* Controllers */ = {
			isa = PBXGroup;
			children = (
			);
			path = Controllers;
			sourceTree = "<group>";
		};
		0471299D2121734C00EEADE5 /* Gateway(门户) */ = {
			isa = PBXGroup;
			children = (
				0471299E2121734C00EEADE5 /* Model */,
				0471299F2121734C00EEADE5 /* View */,
				047129A02121734C00EEADE5 /* Controllers */,
			);
			path = "Gateway(门户)";
			sourceTree = "<group>";
		};
		0471299E2121734C00EEADE5 /* Model */ = {
			isa = PBXGroup;
			children = (
			);
			path = Model;
			sourceTree = "<group>";
		};
		0471299F2121734C00EEADE5 /* View */ = {
			isa = PBXGroup;
			children = (
			);
			path = View;
			sourceTree = "<group>";
		};
		047129A02121734C00EEADE5 /* Controllers */ = {
			isa = PBXGroup;
			children = (
			);
			path = Controllers;
			sourceTree = "<group>";
		};
		047129AC21217B5A00EEADE5 /* Frameworks */ = {
			isa = PBXGroup;
			children = (
				047129AD21217B5A00EEADE5 /* Foundation.framework */,
				0C0C5E7A62458F22B4104EA4 /* libPods-waterConservancy.a */,
			);
			name = Frameworks;
			sourceTree = "<group>";
		};
		04C530F221212BC900C90964 = {
			isa = PBXGroup;
			children = (
				04C530FD21212BC900C90964 /* waterConservancy */,
				04C5311621212BCB00C90964 /* waterConservancyTests */,
				04C5312121212BCB00C90964 /* waterConservancyUITests */,
				04C530FC21212BC900C90964 /* Products */,
				047129AC21217B5A00EEADE5 /* Frameworks */,
				DCE027E0B19377A0F63BA223 /* Pods */,
			);
			sourceTree = "<group>";
		};
		04C530FC21212BC900C90964 /* Products */ = {
			isa = PBXGroup;
			children = (
				04C530FB21212BC900C90964 /* waterConservancy.app */,
				04C5311321212BCB00C90964 /* waterConservancyTests.xctest */,
				04C5311E21212BCB00C90964 /* waterConservancyUITests.xctest */,
			);
			name = Products;
			sourceTree = "<group>";
		};
		04C530FD21212BC900C90964 /* waterConservancy */ = {
			isa = PBXGroup;
			children = (
				04C5313521215BA300C90964 /* Classes */,
				04C5313721215BA400C90964 /* Macros */,
				04C5313621215BA300C90964 /* Manager */,
				04C530FE21212BC900C90964 /* AppDelegate.h */,
				04C530FF21212BC900C90964 /* AppDelegate.m */,
				5A4CF193212283E100D72FE5 /* ViewController.h */,
				5A4CF194212283E200D72FE5 /* ViewController.m */,
				5A4CF1912122832B00D72FE5 /* Main.storyboard */,
				04C5310721212BCB00C90964 /* Assets.xcassets */,
				04C5310C21212BCB00C90964 /* Info.plist */,
				04C5310D21212BCB00C90964 /* main.m */,
			);
			path = waterConservancy;
			sourceTree = "<group>";
		};
		04C5311621212BCB00C90964 /* waterConservancyTests */ = {
			isa = PBXGroup;
			children = (
				04C5311721212BCB00C90964 /* waterConservancyTests.m */,
				04C5311921212BCB00C90964 /* Info.plist */,
			);
			path = waterConservancyTests;
			sourceTree = "<group>";
		};
		04C5312121212BCB00C90964 /* waterConservancyUITests */ = {
			isa = PBXGroup;
			children = (
				04C5312221212BCB00C90964 /* waterConservancyUITests.m */,
				04C5312421212BCB00C90964 /* Info.plist */,
			);
			path = waterConservancyUITests;
			sourceTree = "<group>";
		};
		04C5313421215BA300C90964 /* Utils */ = {
			isa = PBXGroup;
			children = (
			);
			path = Utils;
			sourceTree = "<group>";
		};
		04C5313521215BA300C90964 /* Classes */ = {
			isa = PBXGroup;
			children = (
				5A4CF19C2122C4CC00D72FE5 /* Category */,
				5A4CF17021227C6500D72FE5 /* Net */,
				5A4CF161212278A400D72FE5 /* load */,
				0471299D2121734C00EEADE5 /* Gateway(门户) */,
				047129992121734C00EEADE5 /* MailList(通讯录) */,
				0471298D2121734C00EEADE5 /* SecurityCloud(安全云) */,
				047129952121734C00EEADE5 /* Special(专题图) */,
				047129912121734C00EEADE5 /* Work(办公) */,
				04C5313821215BCA00C90964 /* Base */,
			);
			path = Classes;
			sourceTree = "<group>";
		};
		04C5313621215BA300C90964 /* Manager */ = {
			isa = PBXGroup;
			children = (
			);
			path = Manager;
			sourceTree = "<group>";
		};
		04C5313721215BA400C90964 /* Macros */ = {
			isa = PBXGroup;
			children = (
				04C5313A21215E3100C90964 /* WaterConservancy-Prefix.pch */,
				04C5313C21215E6A00C90964 /* CommonMacro.h */,
				0471298C21216CF300EEADE5 /* TypeDefine.h */,
				047129B521217FEC00EEADE5 /* CodingStandard.h */,
			);
			path = Macros;
			sourceTree = "<group>";
		};
		04C5313821215BCA00C90964 /* Base */ = {
			isa = PBXGroup;
			children = (
				5A4CF1872122806500D72FE5 /* BaseView */,
				5A4CF17A2122801300D72FE5 /* BaseVC */,
			);
			path = Base;
			sourceTree = "<group>";
		};
		5A4CF161212278A400D72FE5 /* load */ = {
			isa = PBXGroup;
			children = (
				5A4CF1A02122C9D400D72FE5 /* models */,
				5A4CF1A12122C9D400D72FE5 /* Tools */,
				5A4CF162212278A400D72FE5 /* controllers */,
				5A4CF163212278A400D72FE5 /* views */,
			);
			path = load;
			sourceTree = "<group>";
		};
		5A4CF162212278A400D72FE5 /* controllers */ = {
			isa = PBXGroup;
			children = (
				5A4CF1642122795F00D72FE5 /* DJLoadViewController.h */,
				5A4CF1652122795F00D72FE5 /* DJLoadViewController.m */,
			);
			path = controllers;
			sourceTree = "<group>";
		};
		5A4CF163212278A400D72FE5 /* views */ = {
			isa = PBXGroup;
			children = (
				5A4CF16721227B1600D72FE5 /* YXDownListView.h */,
				5A4CF16921227B1600D72FE5 /* YXDownListView.m */,
				5A4CF16821227B1600D72FE5 /* YXForgetView.h */,
				5A4CF16A21227B1600D72FE5 /* YXForgetView.m */,
				5A4CF16B21227B1600D72FE5 /* YXSaveUserCell.h */,
				5A4CF16C21227B1600D72FE5 /* YXSaveUserCell.m */,
			);
			path = views;
			sourceTree = "<group>";
		};
		5A4CF17021227C6500D72FE5 /* Net */ = {
			isa = PBXGroup;
			children = (
				5A4CF17121227C6500D72FE5 /* TNIUDateTools.m */,
				5A4CF17221227C6500D72FE5 /* YXDataResolveTool.m */,
				5A4CF17321227C6500D72FE5 /* YXNetTool.h */,
				5A4CF17421227C6500D72FE5 /* TNIUDateTools.h */,
				5A4CF17521227C6500D72FE5 /* YXNetTool.m */,
				5A4CF17621227C6500D72FE5 /* YXDataResolveTool.h */,
			);
			path = Net;
			sourceTree = "<group>";
		};
		5A4CF17A2122801300D72FE5 /* BaseVC */ = {
			isa = PBXGroup;
			children = (
				5A4CF17B2122801300D72FE5 /* YXNavViewController.h */,
				5A4CF17C2122801300D72FE5 /* YXTabbarController.m */,
				5A4CF17D2122801300D72FE5 /* YXBaseViewController.m */,
				5A4CF17F2122801300D72FE5 /* YXBaseViewController.h */,
				5A4CF1802122801300D72FE5 /* YXTabbarController.h */,
				5A4CF1812122801300D72FE5 /* YXNavViewController.m */,
			);
			path = BaseVC;
			sourceTree = "<group>";
		};
		5A4CF1872122806500D72FE5 /* BaseView */ = {
			isa = PBXGroup;
			children = (
				5A4CF1882122806500D72FE5 /* YXBackBtn.m */,
				5A4CF1892122806500D72FE5 /* YXTarbar.m */,
				5A4CF18A2122806500D72FE5 /* YXBaseTableViewCell.h */,
				5A4CF18B2122806500D72FE5 /* YXBackBtn.h */,
				5A4CF18C2122806500D72FE5 /* YXTarbar.h */,
				5A4CF18D2122806500D72FE5 /* YXBaseTableViewCell.m */,
			);
			path = BaseView;
			sourceTree = "<group>";
		};
		5A4CF19C2122C4CC00D72FE5 /* Category */ = {
			isa = PBXGroup;
			children = (
			);
			path = Category;
			sourceTree = "<group>";
		};
		5A4CF1A02122C9D400D72FE5 /* models */ = {
			isa = PBXGroup;
			children = (
			);
			name = models;
			path = waterConservancy/Classes/load/models;
			sourceTree = SOURCE_ROOT;
		};
		5A4CF1A12122C9D400D72FE5 /* Tools */ = {
			isa = PBXGroup;
			children = (
			);
			name = Tools;
			path = waterConservancy/Classes/load/Tools;
			sourceTree = SOURCE_ROOT;
		};
		DCE027E0B19377A0F63BA223 /* Pods */ = {
			isa = PBXGroup;
			children = (
				852F732D60868C4918F85BA0 /* Pods-waterConservancy.debug.xcconfig */,
				69E75B7A348455A4C6F7FB29 /* Pods-waterConservancy.release.xcconfig */,
			);
			name = Pods;
			sourceTree = "<group>";
		};
/* End PBXGroup section */

/* Begin PBXNativeTarget section */
		04C530FA21212BC900C90964 /* waterConservancy */ = {
			isa = PBXNativeTarget;
			buildConfigurationList = 04C5312721212BCB00C90964 /* Build configuration list for PBXNativeTarget "waterConservancy" */;
			buildPhases = (
				55227F1D8F5C9AAD23F37D15 /* [CP] Check Pods Manifest.lock */,
				04C530F721212BC900C90964 /* Sources */,
				04C530F821212BC900C90964 /* Frameworks */,
				04C530F921212BC900C90964 /* Resources */,
				DE15C4556F9EFA44BE487F13 /* [CP] Embed Pods Frameworks */,
				303883EBD6A3C08E125E5715 /* [CP] Copy Pods Resources */,
			);
			buildRules = (
			);
			dependencies = (
			);
			name = waterConservancy;
			productName = waterConservancy;
			productReference = 04C530FB21212BC900C90964 /* waterConservancy.app */;
			productType = "com.apple.product-type.application";
		};
		04C5311221212BCB00C90964 /* waterConservancyTests */ = {
			isa = PBXNativeTarget;
			buildConfigurationList = 04C5312A21212BCB00C90964 /* Build configuration list for PBXNativeTarget "waterConservancyTests" */;
			buildPhases = (
				04C5310F21212BCB00C90964 /* Sources */,
				04C5311021212BCB00C90964 /* Frameworks */,
				04C5311121212BCB00C90964 /* Resources */,
			);
			buildRules = (
			);
			dependencies = (
				04C5311521212BCB00C90964 /* PBXTargetDependency */,
			);
			name = waterConservancyTests;
			productName = waterConservancyTests;
			productReference = 04C5311321212BCB00C90964 /* waterConservancyTests.xctest */;
			productType = "com.apple.product-type.bundle.unit-test";
		};
		04C5311D21212BCB00C90964 /* waterConservancyUITests */ = {
			isa = PBXNativeTarget;
			buildConfigurationList = 04C5312D21212BCB00C90964 /* Build configuration list for PBXNativeTarget "waterConservancyUITests" */;
			buildPhases = (
				04C5311A21212BCB00C90964 /* Sources */,
				04C5311B21212BCB00C90964 /* Frameworks */,
				04C5311C21212BCB00C90964 /* Resources */,
			);
			buildRules = (
			);
			dependencies = (
				04C5312021212BCB00C90964 /* PBXTargetDependency */,
			);
			name = waterConservancyUITests;
			productName = waterConservancyUITests;
			productReference = 04C5311E21212BCB00C90964 /* waterConservancyUITests.xctest */;
			productType = "com.apple.product-type.bundle.ui-testing";
		};
/* End PBXNativeTarget section */

/* Begin PBXProject section */
		04C530F321212BC900C90964 /* Project object */ = {
			isa = PBXProject;
			attributes = {
				CLASSPREFIX = WL;
				LastUpgradeCheck = 0940;
				ORGANIZATIONNAME = com.yx.waterConservancy;
				TargetAttributes = {
					04C530FA21212BC900C90964 = {
						CreatedOnToolsVersion = 9.4.1;
					};
					04C5311221212BCB00C90964 = {
						CreatedOnToolsVersion = 9.4.1;
						TestTargetID = 04C530FA21212BC900C90964;
					};
					04C5311D21212BCB00C90964 = {
						CreatedOnToolsVersion = 9.4.1;
						TestTargetID = 04C530FA21212BC900C90964;
					};
				};
			};
			buildConfigurationList = 04C530F621212BC900C90964 /* Build configuration list for PBXProject "waterConservancy" */;
			compatibilityVersion = "Xcode 9.3";
			developmentRegion = en;
			hasScannedForEncodings = 0;
			knownRegions = (
				en,
				Base,
			);
			mainGroup = 04C530F221212BC900C90964;
			productRefGroup = 04C530FC21212BC900C90964 /* Products */;
			projectDirPath = "";
			projectRoot = "";
			targets = (
				04C530FA21212BC900C90964 /* waterConservancy */,
				04C5311221212BCB00C90964 /* waterConservancyTests */,
				04C5311D21212BCB00C90964 /* waterConservancyUITests */,
			);
		};
/* End PBXProject section */

/* Begin PBXResourcesBuildPhase section */
		04C530F921212BC900C90964 /* Resources */ = {
			isa = PBXResourcesBuildPhase;
			buildActionMask = 2147483647;
			files = (
				5A4CF1922122832B00D72FE5 /* Main.storyboard in Resources */,
				04C5310821212BCB00C90964 /* Assets.xcassets in Resources */,
			);
			runOnlyForDeploymentPostprocessing = 0;
		};
		04C5311121212BCB00C90964 /* Resources */ = {
			isa = PBXResourcesBuildPhase;
			buildActionMask = 2147483647;
			files = (
			);
			runOnlyForDeploymentPostprocessing = 0;
		};
		04C5311C21212BCB00C90964 /* Resources */ = {
			isa = PBXResourcesBuildPhase;
			buildActionMask = 2147483647;
			files = (
			);
			runOnlyForDeploymentPostprocessing = 0;
		};
/* End PBXResourcesBuildPhase section */

/* Begin PBXShellScriptBuildPhase section */
		303883EBD6A3C08E125E5715 /* [CP] Copy Pods Resources */ = {
			isa = PBXShellScriptBuildPhase;
			buildActionMask = 2147483647;
			files = (
			);
			inputPaths = (
				"${SRCROOT}/Pods/Target Support Files/Pods-waterConservancy/Pods-waterConservancy-resources.sh",
				"${PODS_ROOT}/MJRefresh/MJRefresh/MJRefresh.bundle",
			);
			name = "[CP] Copy Pods Resources";
			outputPaths = (
				"${TARGET_BUILD_DIR}/${UNLOCALIZED_RESOURCES_FOLDER_PATH}/MJRefresh.bundle",
			);
			runOnlyForDeploymentPostprocessing = 0;
			shellPath = /bin/sh;
			shellScript = "\"${SRCROOT}/Pods/Target Support Files/Pods-waterConservancy/Pods-waterConservancy-resources.sh\"\n";
			showEnvVarsInLog = 0;
		};
		55227F1D8F5C9AAD23F37D15 /* [CP] Check Pods Manifest.lock */ = {
			isa = PBXShellScriptBuildPhase;
			buildActionMask = 2147483647;
			files = (
			);
			inputPaths = (
				"${PODS_PODFILE_DIR_PATH}/Podfile.lock",
				"${PODS_ROOT}/Manifest.lock",
			);
			name = "[CP] Check Pods Manifest.lock";
			outputPaths = (
				"$(DERIVED_FILE_DIR)/Pods-waterConservancy-checkManifestLockResult.txt",
			);
			runOnlyForDeploymentPostprocessing = 0;
			shellPath = /bin/sh;
			shellScript = "diff \"${PODS_PODFILE_DIR_PATH}/Podfile.lock\" \"${PODS_ROOT}/Manifest.lock\" > /dev/null\nif [ $? != 0 ] ; then\n    # print error to STDERR\n    echo \"error: The sandbox is not in sync with the Podfile.lock. Run 'pod install' or update your CocoaPods installation.\" >&2\n    exit 1\nfi\n# This output is used by Xcode 'outputs' to avoid re-running this script phase.\necho \"SUCCESS\" > \"${SCRIPT_OUTPUT_FILE_0}\"\n";
			showEnvVarsInLog = 0;
		};
		DE15C4556F9EFA44BE487F13 /* [CP] Embed Pods Frameworks */ = {
			isa = PBXShellScriptBuildPhase;
			buildActionMask = 2147483647;
			files = (
			);
			inputPaths = (
			);
			name = "[CP] Embed Pods Frameworks";
			outputPaths = (
			);
			runOnlyForDeploymentPostprocessing = 0;
			shellPath = /bin/sh;
			shellScript = "\"${SRCROOT}/Pods/Target Support Files/Pods-waterConservancy/Pods-waterConservancy-frameworks.sh\"\n";
			showEnvVarsInLog = 0;
		};
/* End PBXShellScriptBuildPhase section */

/* Begin PBXSourcesBuildPhase section */
		04C530F721212BC900C90964 /* Sources */ = {
			isa = PBXSourcesBuildPhase;
			buildActionMask = 2147483647;
			files = (
				5A4CF195212283E200D72FE5 /* ViewController.m in Sources */,
				5A4CF1832122801300D72FE5 /* YXTabbarController.m in Sources */,
				5A4CF17921227C6500D72FE5 /* YXNetTool.m in Sources */,
				5A4CF18F2122806600D72FE5 /* YXTarbar.m in Sources */,
				5A4CF1902122806600D72FE5 /* YXBaseTableViewCell.m in Sources */,
				5A4CF1662122795F00D72FE5 /* DJLoadViewController.m in Sources */,
				5A4CF1862122801300D72FE5 /* YXNavViewController.m in Sources */,
				047129CD2122DEDB00EEADE5 /* WLVerticalButton.m in Sources */,
				5A4CF17721227C6500D72FE5 /* TNIUDateTools.m in Sources */,
				047129B421217EF600EEADE5 /* WorkViewController.m in Sources */,
				5A4CF16E21227B1600D72FE5 /* YXForgetView.m in Sources */,
				5A4CF18E2122806600D72FE5 /* YXBackBtn.m in Sources */,
				5A4CF17821227C6500D72FE5 /* YXDataResolveTool.m in Sources */,
				5A4CF16F21227B1600D72FE5 /* YXSaveUserCell.m in Sources */,
				5A4CF1842122801300D72FE5 /* YXBaseViewController.m in Sources */,
				04C5310E21212BCB00C90964 /* main.m in Sources */,
				047129BA2122A9F000EEADE5 /* WLWorkCell.m in Sources */,
				04C5310021212BC900C90964 /* AppDelegate.m in Sources */,
				5A4CF16D21227B1600D72FE5 /* YXDownListView.m in Sources */,
				047129C32122C81900EEADE5 /* WLWorkTopView.m in Sources */,
			);
			runOnlyForDeploymentPostprocessing = 0;
		};
		04C5310F21212BCB00C90964 /* Sources */ = {
			isa = PBXSourcesBuildPhase;
			buildActionMask = 2147483647;
			files = (
				04C5311821212BCB00C90964 /* waterConservancyTests.m in Sources */,
			);
			runOnlyForDeploymentPostprocessing = 0;
		};
		04C5311A21212BCB00C90964 /* Sources */ = {
			isa = PBXSourcesBuildPhase;
			buildActionMask = 2147483647;
			files = (
				04C5312321212BCB00C90964 /* waterConservancyUITests.m in Sources */,
			);
			runOnlyForDeploymentPostprocessing = 0;
		};
/* End PBXSourcesBuildPhase section */

/* Begin PBXTargetDependency section */
		04C5311521212BCB00C90964 /* PBXTargetDependency */ = {
			isa = PBXTargetDependency;
			target = 04C530FA21212BC900C90964 /* waterConservancy */;
			targetProxy = 04C5311421212BCB00C90964 /* PBXContainerItemProxy */;
		};
		04C5312021212BCB00C90964 /* PBXTargetDependency */ = {
			isa = PBXTargetDependency;
			target = 04C530FA21212BC900C90964 /* waterConservancy */;
			targetProxy = 04C5311F21212BCB00C90964 /* PBXContainerItemProxy */;
		};
/* End PBXTargetDependency section */

/* Begin XCBuildConfiguration section */
		04C5312521212BCB00C90964 /* Debug */ = {
			isa = XCBuildConfiguration;
			buildSettings = {
				ALWAYS_SEARCH_USER_PATHS = NO;
				ASSETCATALOG_COMPILER_LAUNCHIMAGE_NAME = LaunchImage;
				CLANG_ANALYZER_NONNULL = YES;
				CLANG_ANALYZER_NUMBER_OBJECT_CONVERSION = YES_AGGRESSIVE;
				CLANG_CXX_LANGUAGE_STANDARD = "gnu++14";
				CLANG_CXX_LIBRARY = "libc++";
				CLANG_ENABLE_MODULES = YES;
				CLANG_ENABLE_OBJC_ARC = YES;
				CLANG_ENABLE_OBJC_WEAK = YES;
				CLANG_WARN_BLOCK_CAPTURE_AUTORELEASING = YES;
				CLANG_WARN_BOOL_CONVERSION = YES;
				CLANG_WARN_COMMA = YES;
				CLANG_WARN_CONSTANT_CONVERSION = YES;
				CLANG_WARN_DEPRECATED_OBJC_IMPLEMENTATIONS = YES;
				CLANG_WARN_DIRECT_OBJC_ISA_USAGE = YES_ERROR;
				CLANG_WARN_DOCUMENTATION_COMMENTS = YES;
				CLANG_WARN_EMPTY_BODY = YES;
				CLANG_WARN_ENUM_CONVERSION = YES;
				CLANG_WARN_INFINITE_RECURSION = YES;
				CLANG_WARN_INT_CONVERSION = YES;
				CLANG_WARN_NON_LITERAL_NULL_CONVERSION = YES;
				CLANG_WARN_OBJC_IMPLICIT_RETAIN_SELF = YES;
				CLANG_WARN_OBJC_LITERAL_CONVERSION = YES;
				CLANG_WARN_OBJC_ROOT_CLASS = YES_ERROR;
				CLANG_WARN_RANGE_LOOP_ANALYSIS = YES;
				CLANG_WARN_STRICT_PROTOTYPES = YES;
				CLANG_WARN_SUSPICIOUS_MOVE = YES;
				CLANG_WARN_UNGUARDED_AVAILABILITY = YES_AGGRESSIVE;
				CLANG_WARN_UNREACHABLE_CODE = YES;
				CLANG_WARN__DUPLICATE_METHOD_MATCH = YES;
				CODE_SIGN_IDENTITY = "iPhone Developer";
				COPY_PHASE_STRIP = NO;
				DEBUG_INFORMATION_FORMAT = dwarf;
				ENABLE_STRICT_OBJC_MSGSEND = YES;
				ENABLE_TESTABILITY = YES;
				GCC_C_LANGUAGE_STANDARD = gnu11;
				GCC_DYNAMIC_NO_PIC = NO;
				GCC_NO_COMMON_BLOCKS = YES;
				GCC_OPTIMIZATION_LEVEL = 0;
				GCC_PREPROCESSOR_DEFINITIONS = (
					"DEBUG=1",
					"$(inherited)",
				);
				GCC_WARN_64_TO_32_BIT_CONVERSION = YES;
				GCC_WARN_ABOUT_RETURN_TYPE = YES_ERROR;
				GCC_WARN_UNDECLARED_SELECTOR = YES;
				GCC_WARN_UNINITIALIZED_AUTOS = YES_AGGRESSIVE;
				GCC_WARN_UNUSED_FUNCTION = YES;
				GCC_WARN_UNUSED_VARIABLE = YES;
				IPHONEOS_DEPLOYMENT_TARGET = 11.4;
				MTL_ENABLE_DEBUG_INFO = YES;
				ONLY_ACTIVE_ARCH = YES;
				SDKROOT = iphoneos;
			};
			name = Debug;
		};
		04C5312621212BCB00C90964 /* Release */ = {
			isa = XCBuildConfiguration;
			buildSettings = {
				ALWAYS_SEARCH_USER_PATHS = NO;
				ASSETCATALOG_COMPILER_LAUNCHIMAGE_NAME = LaunchImage;
				CLANG_ANALYZER_NONNULL = YES;
				CLANG_ANALYZER_NUMBER_OBJECT_CONVERSION = YES_AGGRESSIVE;
				CLANG_CXX_LANGUAGE_STANDARD = "gnu++14";
				CLANG_CXX_LIBRARY = "libc++";
				CLANG_ENABLE_MODULES = YES;
				CLANG_ENABLE_OBJC_ARC = YES;
				CLANG_ENABLE_OBJC_WEAK = YES;
				CLANG_WARN_BLOCK_CAPTURE_AUTORELEASING = YES;
				CLANG_WARN_BOOL_CONVERSION = YES;
				CLANG_WARN_COMMA = YES;
				CLANG_WARN_CONSTANT_CONVERSION = YES;
				CLANG_WARN_DEPRECATED_OBJC_IMPLEMENTATIONS = YES;
				CLANG_WARN_DIRECT_OBJC_ISA_USAGE = YES_ERROR;
				CLANG_WARN_DOCUMENTATION_COMMENTS = YES;
				CLANG_WARN_EMPTY_BODY = YES;
				CLANG_WARN_ENUM_CONVERSION = YES;
				CLANG_WARN_INFINITE_RECURSION = YES;
				CLANG_WARN_INT_CONVERSION = YES;
				CLANG_WARN_NON_LITERAL_NULL_CONVERSION = YES;
				CLANG_WARN_OBJC_IMPLICIT_RETAIN_SELF = YES;
				CLANG_WARN_OBJC_LITERAL_CONVERSION = YES;
				CLANG_WARN_OBJC_ROOT_CLASS = YES_ERROR;
				CLANG_WARN_RANGE_LOOP_ANALYSIS = YES;
				CLANG_WARN_STRICT_PROTOTYPES = YES;
				CLANG_WARN_SUSPICIOUS_MOVE = YES;
				CLANG_WARN_UNGUARDED_AVAILABILITY = YES_AGGRESSIVE;
				CLANG_WARN_UNREACHABLE_CODE = YES;
				CLANG_WARN__DUPLICATE_METHOD_MATCH = YES;
				CODE_SIGN_IDENTITY = "iPhone Developer";
				COPY_PHASE_STRIP = NO;
				DEBUG_INFORMATION_FORMAT = "dwarf-with-dsym";
				ENABLE_NS_ASSERTIONS = NO;
				ENABLE_STRICT_OBJC_MSGSEND = YES;
				GCC_C_LANGUAGE_STANDARD = gnu11;
				GCC_NO_COMMON_BLOCKS = YES;
				GCC_WARN_64_TO_32_BIT_CONVERSION = YES;
				GCC_WARN_ABOUT_RETURN_TYPE = YES_ERROR;
				GCC_WARN_UNDECLARED_SELECTOR = YES;
				GCC_WARN_UNINITIALIZED_AUTOS = YES_AGGRESSIVE;
				GCC_WARN_UNUSED_FUNCTION = YES;
				GCC_WARN_UNUSED_VARIABLE = YES;
				IPHONEOS_DEPLOYMENT_TARGET = 11.4;
				MTL_ENABLE_DEBUG_INFO = NO;
				SDKROOT = iphoneos;
				VALIDATE_PRODUCT = YES;
			};
			name = Release;
		};
		04C5312821212BCB00C90964 /* Debug */ = {
			isa = XCBuildConfiguration;
			baseConfigurationReference = 852F732D60868C4918F85BA0 /* Pods-waterConservancy.debug.xcconfig */;
			buildSettings = {
				ASSETCATALOG_COMPILER_APPICON_NAME = AppIcon;
				ASSETCATALOG_COMPILER_LAUNCHIMAGE_NAME = LaunchImage;
				CODE_SIGN_IDENTITY = "iPhone Developer";
				CODE_SIGN_STYLE = Automatic;
				DEVELOPMENT_TEAM = 8RG9BDMV8Q;
				GCC_INCREASE_PRECOMPILED_HEADER_SHARING = NO;
				GCC_PREFIX_HEADER = "$(SRCROOT)/waterConservancy/Macros/WaterConservancy-Prefix.pch";
				INFOPLIST_FILE = waterConservancy/Info.plist;
				IPHONEOS_DEPLOYMENT_TARGET = 8.0;
				LD_RUNPATH_SEARCH_PATHS = (
					"$(inherited)",
					"@executable_path/Frameworks",
				);
				PRODUCT_BUNDLE_IDENTIFIER = com.yx.shuili;
				PRODUCT_NAME = "$(TARGET_NAME)";
				PROVISIONING_PROFILE = "";
				PROVISIONING_PROFILE_SPECIFIER = "";
				TARGETED_DEVICE_FAMILY = "1,2";
			};
			name = Debug;
		};
		04C5312921212BCB00C90964 /* Release */ = {
			isa = XCBuildConfiguration;
			baseConfigurationReference = 69E75B7A348455A4C6F7FB29 /* Pods-waterConservancy.release.xcconfig */;
			buildSettings = {
				ASSETCATALOG_COMPILER_APPICON_NAME = AppIcon;
				ASSETCATALOG_COMPILER_LAUNCHIMAGE_NAME = LaunchImage;
				CODE_SIGN_IDENTITY = "iPhone Developer";
				CODE_SIGN_STYLE = Automatic;
				DEVELOPMENT_TEAM = 8RG9BDMV8Q;
				GCC_INCREASE_PRECOMPILED_HEADER_SHARING = NO;
				GCC_PREFIX_HEADER = "$(SRCROOT)/waterConservancy/Macros/WaterConservancy-Prefix.pch";
				INFOPLIST_FILE = waterConservancy/Info.plist;
				IPHONEOS_DEPLOYMENT_TARGET = 8.0;
				LD_RUNPATH_SEARCH_PATHS = (
					"$(inherited)",
					"@executable_path/Frameworks",
				);
				PRODUCT_BUNDLE_IDENTIFIER = com.yx.shuili;
				PRODUCT_NAME = "$(TARGET_NAME)";
				PROVISIONING_PROFILE = "";
				PROVISIONING_PROFILE_SPECIFIER = "";
				TARGETED_DEVICE_FAMILY = "1,2";
			};
			name = Release;
		};
		04C5312B21212BCB00C90964 /* Debug */ = {
			isa = XCBuildConfiguration;
			buildSettings = {
				BUNDLE_LOADER = "$(TEST_HOST)";
				CODE_SIGN_STYLE = Automatic;
				INFOPLIST_FILE = waterConservancyTests/Info.plist;
				LD_RUNPATH_SEARCH_PATHS = (
					"$(inherited)",
					"@executable_path/Frameworks",
					"@loader_path/Frameworks",
				);
				PRODUCT_BUNDLE_IDENTIFIER = com.yx.waterConservancyTests;
				PRODUCT_NAME = "$(TARGET_NAME)";
				TARGETED_DEVICE_FAMILY = "1,2";
				TEST_HOST = "$(BUILT_PRODUCTS_DIR)/waterConservancy.app/waterConservancy";
			};
			name = Debug;
		};
		04C5312C21212BCB00C90964 /* Release */ = {
			isa = XCBuildConfiguration;
			buildSettings = {
				BUNDLE_LOADER = "$(TEST_HOST)";
				CODE_SIGN_STYLE = Automatic;
				INFOPLIST_FILE = waterConservancyTests/Info.plist;
				LD_RUNPATH_SEARCH_PATHS = (
					"$(inherited)",
					"@executable_path/Frameworks",
					"@loader_path/Frameworks",
				);
				PRODUCT_BUNDLE_IDENTIFIER = com.yx.waterConservancyTests;
				PRODUCT_NAME = "$(TARGET_NAME)";
				TARGETED_DEVICE_FAMILY = "1,2";
				TEST_HOST = "$(BUILT_PRODUCTS_DIR)/waterConservancy.app/waterConservancy";
			};
			name = Release;
		};
		04C5312E21212BCB00C90964 /* Debug */ = {
			isa = XCBuildConfiguration;
			buildSettings = {
				CODE_SIGN_STYLE = Automatic;
				INFOPLIST_FILE = waterConservancyUITests/Info.plist;
				LD_RUNPATH_SEARCH_PATHS = (
					"$(inherited)",
					"@executable_path/Frameworks",
					"@loader_path/Frameworks",
				);
				PRODUCT_BUNDLE_IDENTIFIER = com.yx.waterConservancyUITests;
				PRODUCT_NAME = "$(TARGET_NAME)";
				TARGETED_DEVICE_FAMILY = "1,2";
				TEST_TARGET_NAME = waterConservancy;
			};
			name = Debug;
		};
		04C5312F21212BCB00C90964 /* Release */ = {
			isa = XCBuildConfiguration;
			buildSettings = {
				CODE_SIGN_STYLE = Automatic;
				INFOPLIST_FILE = waterConservancyUITests/Info.plist;
				LD_RUNPATH_SEARCH_PATHS = (
					"$(inherited)",
					"@executable_path/Frameworks",
					"@loader_path/Frameworks",
				);
				PRODUCT_BUNDLE_IDENTIFIER = com.yx.waterConservancyUITests;
				PRODUCT_NAME = "$(TARGET_NAME)";
				TARGETED_DEVICE_FAMILY = "1,2";
				TEST_TARGET_NAME = waterConservancy;
			};
			name = Release;
		};
/* End XCBuildConfiguration section */

/* Begin XCConfigurationList section */
		04C530F621212BC900C90964 /* Build configuration list for PBXProject "waterConservancy" */ = {
			isa = XCConfigurationList;
			buildConfigurations = (
				04C5312521212BCB00C90964 /* Debug */,
				04C5312621212BCB00C90964 /* Release */,
			);
			defaultConfigurationIsVisible = 0;
			defaultConfigurationName = Release;
		};
		04C5312721212BCB00C90964 /* Build configuration list for PBXNativeTarget "waterConservancy" */ = {
			isa = XCConfigurationList;
			buildConfigurations = (
				04C5312821212BCB00C90964 /* Debug */,
				04C5312921212BCB00C90964 /* Release */,
			);
			defaultConfigurationIsVisible = 0;
			defaultConfigurationName = Release;
		};
		04C5312A21212BCB00C90964 /* Build configuration list for PBXNativeTarget "waterConservancyTests" */ = {
			isa = XCConfigurationList;
			buildConfigurations = (
				04C5312B21212BCB00C90964 /* Debug */,
				04C5312C21212BCB00C90964 /* Release */,
			);
			defaultConfigurationIsVisible = 0;
			defaultConfigurationName = Release;
		};
		04C5312D21212BCB00C90964 /* Build configuration list for PBXNativeTarget "waterConservancyUITests" */ = {
			isa = XCConfigurationList;
			buildConfigurations = (
				04C5312E21212BCB00C90964 /* Debug */,
				04C5312F21212BCB00C90964 /* Release */,
			);
			defaultConfigurationIsVisible = 0;
			defaultConfigurationName = Release;
		};
/* End XCConfigurationList section */
	};
	rootObject = 04C530F321212BC900C90964 /* Project object */;
}
