// !$*UTF8*$!
{
	archiveVersion = 1;
	classes = {
	};
	objectVersion = 50;
	objects = {

/* Begin PBXBuildFile section */
		0471298B21216A1900EEADE5 /* BaseViewController.m in Sources */ = {isa = PBXBuildFile; fileRef = 0471298A21216A1900EEADE5 /* BaseViewController.m */; };
		047129A32121757300EEADE5 /* Work.storyboard in Resources */ = {isa = PBXBuildFile; fileRef = 047129A22121757300EEADE5 /* Work.storyboard */; };
		047129A52121758D00EEADE5 /* MailList.storyboard in Resources */ = {isa = PBXBuildFile; fileRef = 047129A42121758D00EEADE5 /* MailList.storyboard */; };
		047129A7212175A700EEADE5 /* Gateway.storyboard in Resources */ = {isa = PBXBuildFile; fileRef = 047129A6212175A700EEADE5 /* Gateway.storyboard */; };
		047129A9212175BC00EEADE5 /* Special.storyboard in Resources */ = {isa = PBXBuildFile; fileRef = 047129A8212175BC00EEADE5 /* Special.storyboard */; };
		047129AB212175CF00EEADE5 /* SecurityCloud.storyboard in Resources */ = {isa = PBXBuildFile; fileRef = 047129AA212175CF00EEADE5 /* SecurityCloud.storyboard */; };
		047129AE21217B5A00EEADE5 /* Foundation.framework in Frameworks */ = {isa = PBXBuildFile; fileRef = 047129AD21217B5A00EEADE5 /* Foundation.framework */; };
		047129B421217EF600EEADE5 /* WorkViewController.m in Sources */ = {isa = PBXBuildFile; fileRef = 047129B321217EF600EEADE5 /* WorkViewController.m */; };
		04C5310021212BC900C90964 /* AppDelegate.m in Sources */ = {isa = PBXBuildFile; fileRef = 04C530FF21212BC900C90964 /* AppDelegate.m */; };
		04C5310621212BC900C90964 /* Main.storyboard in Resources */ = {isa = PBXBuildFile; fileRef = 04C5310421212BC900C90964 /* Main.storyboard */; };
		04C5310821212BCB00C90964 /* Assets.xcassets in Resources */ = {isa = PBXBuildFile; fileRef = 04C5310721212BCB00C90964 /* Assets.xcassets */; };
		04C5310B21212BCB00C90964 /* LaunchScreen.storyboard in Resources */ = {isa = PBXBuildFile; fileRef = 04C5310921212BCB00C90964 /* LaunchScreen.storyboard */; };
		04C5310E21212BCB00C90964 /* main.m in Sources */ = {isa = PBXBuildFile; fileRef = 04C5310D21212BCB00C90964 /* main.m */; };
		04C5311821212BCB00C90964 /* waterConservancyTests.m in Sources */ = {isa = PBXBuildFile; fileRef = 04C5311721212BCB00C90964 /* waterConservancyTests.m */; };
		04C5312321212BCB00C90964 /* waterConservancyUITests.m in Sources */ = {isa = PBXBuildFile; fileRef = 04C5312221212BCB00C90964 /* waterConservancyUITests.m */; };
		04C531322121356800C90964 /* BaseRootTabBarController.m in Sources */ = {isa = PBXBuildFile; fileRef = 04C531312121356800C90964 /* BaseRootTabBarController.m */; };
/* End PBXBuildFile section */

/* Begin PBXContainerItemProxy section */
		04C5311421212BCB00C90964 /* PBXContainerItemProxy */ = {
			isa = PBXContainerItemProxy;
			containerPortal = 04C530F321212BC900C90964 /* Project object */;
			proxyType = 1;
			remoteGlobalIDString = 04C530FA21212BC900C90964;
			remoteInfo = waterConservancy;
		};
		04C5311F21212BCB00C90964 /* PBXContainerItemProxy */ = {
			isa = PBXContainerItemProxy;
			containerPortal = 04C530F321212BC900C90964 /* Project object */;
			proxyType = 1;
			remoteGlobalIDString = 04C530FA21212BC900C90964;
			remoteInfo = waterConservancy;
		};
/* End PBXContainerItemProxy section */

/* Begin PBXFileReference section */
		0471298921216A1900EEADE5 /* BaseViewController.h */ = {isa = PBXFileReference; lastKnownFileType = sourcecode.c.h; path = BaseViewController.h; sourceTree = "<group>"; };
		0471298A21216A1900EEADE5 /* BaseViewController.m */ = {isa = PBXFileReference; lastKnownFileType = sourcecode.c.objc; path = BaseViewController.m; sourceTree = "<group>"; };
		0471298C21216CF300EEADE5 /* TypeDefine.h */ = {isa = PBXFileReference; lastKnownFileType = sourcecode.c.h; path = TypeDefine.h; sourceTree = "<group>"; };
		047129A22121757300EEADE5 /* Work.storyboard */ = {isa = PBXFileReference; lastKnownFileType = file.storyboard; path = Work.storyboard; sourceTree = "<group>"; };
		047129A42121758D00EEADE5 /* MailList.storyboard */ = {isa = PBXFileReference; lastKnownFileType = file.storyboard; path = MailList.storyboard; sourceTree = "<group>"; };
		047129A6212175A700EEADE5 /* Gateway.storyboard */ = {isa = PBXFileReference; lastKnownFileType = file.storyboard; path = Gateway.storyboard; sourceTree = "<group>"; };
		047129A8212175BC00EEADE5 /* Special.storyboard */ = {isa = PBXFileReference; lastKnownFileType = file.storyboard; path = Special.storyboard; sourceTree = "<group>"; };
		047129AA212175CF00EEADE5 /* SecurityCloud.storyboard */ = {isa = PBXFileReference; lastKnownFileType = file.storyboard; path = SecurityCloud.storyboard; sourceTree = "<group>"; };
		047129AD21217B5A00EEADE5 /* Foundation.framework */ = {isa = PBXFileReference; lastKnownFileType = wrapper.framework; name = Foundation.framework; path = System/Library/Frameworks/Foundation.framework; sourceTree = SDKROOT; };
		047129B221217EF600EEADE5 /* WorkViewController.h */ = {isa = PBXFileReference; lastKnownFileType = sourcecode.c.h; path = WorkViewController.h; sourceTree = "<group>"; };
		047129B321217EF600EEADE5 /* WorkViewController.m */ = {isa = PBXFileReference; lastKnownFileType = sourcecode.c.objc; path = WorkViewController.m; sourceTree = "<group>"; };
		047129B521217FEC00EEADE5 /* CodingStandard.h */ = {isa = PBXFileReference; lastKnownFileType = sourcecode.c.h; path = CodingStandard.h; sourceTree = "<group>"; };
		04C530FB21212BC900C90964 /* waterConservancy.app */ = {isa = PBXFileReference; explicitFileType = wrapper.application; includeInIndex = 0; path = waterConservancy.app; sourceTree = BUILT_PRODUCTS_DIR; };
		04C530FE21212BC900C90964 /* AppDelegate.h */ = {isa = PBXFileReference; lastKnownFileType = sourcecode.c.h; path = AppDelegate.h; sourceTree = "<group>"; };
		04C530FF21212BC900C90964 /* AppDelegate.m */ = {isa = PBXFileReference; lastKnownFileType = sourcecode.c.objc; path = AppDelegate.m; sourceTree = "<group>"; };
		04C5310521212BC900C90964 /* Base */ = {isa = PBXFileReference; lastKnownFileType = file.storyboard; name = Base; path = Base.lproj/Main.storyboard; sourceTree = "<group>"; };
		04C5310721212BCB00C90964 /* Assets.xcassets */ = {isa = PBXFileReference; lastKnownFileType = folder.assetcatalog; path = Assets.xcassets; sourceTree = "<group>"; };
		04C5310A21212BCB00C90964 /* Base */ = {isa = PBXFileReference; lastKnownFileType = file.storyboard; name = Base; path = Base.lproj/LaunchScreen.storyboard; sourceTree = "<group>"; };
		04C5310C21212BCB00C90964 /* Info.plist */ = {isa = PBXFileReference; lastKnownFileType = text.plist.xml; path = Info.plist; sourceTree = "<group>"; };
		04C5310D21212BCB00C90964 /* main.m */ = {isa = PBXFileReference; lastKnownFileType = sourcecode.c.objc; path = main.m; sourceTree = "<group>"; };
		04C5311321212BCB00C90964 /* waterConservancyTests.xctest */ = {isa = PBXFileReference; explicitFileType = wrapper.cfbundle; includeInIndex = 0; path = waterConservancyTests.xctest; sourceTree = BUILT_PRODUCTS_DIR; };
		04C5311721212BCB00C90964 /* waterConservancyTests.m */ = {isa = PBXFileReference; lastKnownFileType = sourcecode.c.objc; path = waterConservancyTests.m; sourceTree = "<group>"; };
		04C5311921212BCB00C90964 /* Info.plist */ = {isa = PBXFileReference; lastKnownFileType = text.plist.xml; path = Info.plist; sourceTree = "<group>"; };
		04C5311E21212BCB00C90964 /* waterConservancyUITests.xctest */ = {isa = PBXFileReference; explicitFileType = wrapper.cfbundle; includeInIndex = 0; path = waterConservancyUITests.xctest; sourceTree = BUILT_PRODUCTS_DIR; };
		04C5312221212BCB00C90964 /* waterConservancyUITests.m */ = {isa = PBXFileReference; lastKnownFileType = sourcecode.c.objc; path = waterConservancyUITests.m; sourceTree = "<group>"; };
		04C5312421212BCB00C90964 /* Info.plist */ = {isa = PBXFileReference; lastKnownFileType = text.plist.xml; path = Info.plist; sourceTree = "<group>"; };
		04C531302121356800C90964 /* BaseRootTabBarController.h */ = {isa = PBXFileReference; lastKnownFileType = sourcecode.c.h; path = BaseRootTabBarController.h; sourceTree = "<group>"; };
		04C531312121356800C90964 /* BaseRootTabBarController.m */ = {isa = PBXFileReference; lastKnownFileType = sourcecode.c.objc; path = BaseRootTabBarController.m; sourceTree = "<group>"; };
		04C5313A21215E3100C90964 /* WaterConservancy-Prefix.pch */ = {isa = PBXFileReference; lastKnownFileType = sourcecode.c.h; path = "WaterConservancy-Prefix.pch"; sourceTree = "<group>"; };
		04C5313C21215E6A00C90964 /* CommonMacro.h */ = {isa = PBXFileReference; lastKnownFileType = sourcecode.c.h; path = CommonMacro.h; sourceTree = "<group>"; };
/* End PBXFileReference section */

/* Begin PBXFrameworksBuildPhase section */
		04C530F821212BC900C90964 /* Frameworks */ = {
			isa = PBXFrameworksBuildPhase;
			buildActionMask = 2147483647;
			files = (
				047129AE21217B5A00EEADE5 /* Foundation.framework in Frameworks */,
			);
			runOnlyForDeploymentPostprocessing = 0;
		};
		04C5311021212BCB00C90964 /* Frameworks */ = {
			isa = PBXFrameworksBuildPhase;
			buildActionMask = 2147483647;
			files = (
			);
			runOnlyForDeploymentPostprocessing = 0;
		};
		04C5311B21212BCB00C90964 /* Frameworks */ = {
			isa = PBXFrameworksBuildPhase;
			buildActionMask = 2147483647;
			files = (
			);
			runOnlyForDeploymentPostprocessing = 0;
		};
/* End PBXFrameworksBuildPhase section */

/* Begin PBXGroup section */
		0471298D2121734C00EEADE5 /* SecurityCloud(安全云) */ = {
			isa = PBXGroup;
			children = (
				0471298E2121734C00EEADE5 /* Model */,
				0471298F2121734C00EEADE5 /* View */,
				047129902121734C00EEADE5 /* Controllers */,
			);
			path = "SecurityCloud(安全云)";
			sourceTree = "<group>";
		};
		0471298E2121734C00EEADE5 /* Model */ = {
			isa = PBXGroup;
			children = (
			);
			path = Model;
			sourceTree = "<group>";
		};
		0471298F2121734C00EEADE5 /* View */ = {
			isa = PBXGroup;
			children = (
			);
			path = View;
			sourceTree = "<group>";
		};
		047129902121734C00EEADE5 /* Controllers */ = {
			isa = PBXGroup;
			children = (
			);
			path = Controllers;
			sourceTree = "<group>";
		};
		047129912121734C00EEADE5 /* Work(办公) */ = {
			isa = PBXGroup;
			children = (
				047129922121734C00EEADE5 /* Model */,
				047129932121734C00EEADE5 /* View */,
				047129942121734C00EEADE5 /* Controllers */,
			);
			path = "Work(办公)";
			sourceTree = "<group>";
		};
		047129922121734C00EEADE5 /* Model */ = {
			isa = PBXGroup;
			children = (
			);
			path = Model;
			sourceTree = "<group>";
		};
		047129932121734C00EEADE5 /* View */ = {
			isa = PBXGroup;
			children = (
			);
			path = View;
			sourceTree = "<group>";
		};
		047129942121734C00EEADE5 /* Controllers */ = {
			isa = PBXGroup;
			children = (
				047129B221217EF600EEADE5 /* WorkViewController.h */,
				047129B321217EF600EEADE5 /* WorkViewController.m */,
			);
			path = Controllers;
			sourceTree = "<group>";
		};
		047129952121734C00EEADE5 /* Special(专题图) */ = {
			isa = PBXGroup;
			children = (
				047129962121734C00EEADE5 /* Model */,
				047129972121734C00EEADE5 /* View */,
				047129982121734C00EEADE5 /* Controllers */,
			);
			path = "Special(专题图)";
			sourceTree = "<group>";
		};
		047129962121734C00EEADE5 /* Model */ = {
			isa = PBXGroup;
			children = (
			);
			path = Model;
			sourceTree = "<group>";
		};
		047129972121734C00EEADE5 /* View */ = {
			isa = PBXGroup;
			children = (
			);
			path = View;
			sourceTree = "<group>";
		};
		047129982121734C00EEADE5 /* Controllers */ = {
			isa = PBXGroup;
			children = (
			);
			path = Controllers;
			sourceTree = "<group>";
		};
		047129992121734C00EEADE5 /* MailList(通讯录) */ = {
			isa = PBXGroup;
			children = (
				0471299A2121734C00EEADE5 /* Model */,
				0471299B2121734C00EEADE5 /* View */,
				0471299C2121734C00EEADE5 /* Controllers */,
			);
			path = "MailList(通讯录)";
			sourceTree = "<group>";
		};
		0471299A2121734C00EEADE5 /* Model */ = {
			isa = PBXGroup;
			children = (
			);
			path = Model;
			sourceTree = "<group>";
		};
		0471299B2121734C00EEADE5 /* View */ = {
			isa = PBXGroup;
			children = (
			);
			path = View;
			sourceTree = "<group>";
		};
		0471299C2121734C00EEADE5 /* Controllers */ = {
			isa = PBXGroup;
			children = (
			);
			path = Controllers;
			sourceTree = "<group>";
		};
		0471299D2121734C00EEADE5 /* Gateway(门户) */ = {
			isa = PBXGroup;
			children = (
				0471299E2121734C00EEADE5 /* Model */,
				0471299F2121734C00EEADE5 /* View */,
				047129A02121734C00EEADE5 /* Controllers */,
			);
			path = "Gateway(门户)";
			sourceTree = "<group>";
		};
		0471299E2121734C00EEADE5 /* Model */ = {
			isa = PBXGroup;
			children = (
			);
			path = Model;
			sourceTree = "<group>";
		};
		0471299F2121734C00EEADE5 /* View */ = {
			isa = PBXGroup;
			children = (
			);
			path = View;
			sourceTree = "<group>";
		};
		047129A02121734C00EEADE5 /* Controllers */ = {
			isa = PBXGroup;
			children = (
			);
			path = Controllers;
			sourceTree = "<group>";
		};
		047129A1212173C900EEADE5 /* StoryBoard */ = {
			isa = PBXGroup;
			children = (
				04C5310421212BC900C90964 /* Main.storyboard */,
				047129A22121757300EEADE5 /* Work.storyboard */,
				047129A42121758D00EEADE5 /* MailList.storyboard */,
				047129A6212175A700EEADE5 /* Gateway.storyboard */,
				047129A8212175BC00EEADE5 /* Special.storyboard */,
				047129AA212175CF00EEADE5 /* SecurityCloud.storyboard */,
			);
			path = StoryBoard;
			sourceTree = "<group>";
		};
		047129AC21217B5A00EEADE5 /* Frameworks */ = {
			isa = PBXGroup;
			children = (
				047129AD21217B5A00EEADE5 /* Foundation.framework */,
			);
			name = Frameworks;
			sourceTree = "<group>";
		};
		04C530F221212BC900C90964 = {
			isa = PBXGroup;
			children = (
				04C530FD21212BC900C90964 /* waterConservancy */,
				04C5311621212BCB00C90964 /* waterConservancyTests */,
				04C5312121212BCB00C90964 /* waterConservancyUITests */,
				04C530FC21212BC900C90964 /* Products */,
				047129AC21217B5A00EEADE5 /* Frameworks */,
			);
			sourceTree = "<group>";
		};
		04C530FC21212BC900C90964 /* Products */ = {
			isa = PBXGroup;
			children = (
				04C530FB21212BC900C90964 /* waterConservancy.app */,
				04C5311321212BCB00C90964 /* waterConservancyTests.xctest */,
				04C5311E21212BCB00C90964 /* waterConservancyUITests.xctest */,
			);
			name = Products;
			sourceTree = "<group>";
		};
		04C530FD21212BC900C90964 /* waterConservancy */ = {
			isa = PBXGroup;
			children = (
				047129A1212173C900EEADE5 /* StoryBoard */,
				04C5313321215BA300C90964 /* Category */,
				04C5313521215BA300C90964 /* Classes */,
				04C5313721215BA400C90964 /* Macros */,
				04C5313621215BA300C90964 /* Manager */,
				04C5313421215BA300C90964 /* Utils */,
				04C530FE21212BC900C90964 /* AppDelegate.h */,
				04C530FF21212BC900C90964 /* AppDelegate.m */,
				04C5310721212BCB00C90964 /* Assets.xcassets */,
				04C5310921212BCB00C90964 /* LaunchScreen.storyboard */,
				04C5310C21212BCB00C90964 /* Info.plist */,
				04C5310D21212BCB00C90964 /* main.m */,
			);
			path = waterConservancy;
			sourceTree = "<group>";
		};
		04C5311621212BCB00C90964 /* waterConservancyTests */ = {
			isa = PBXGroup;
			children = (
				04C5311721212BCB00C90964 /* waterConservancyTests.m */,
				04C5311921212BCB00C90964 /* Info.plist */,
			);
			path = waterConservancyTests;
			sourceTree = "<group>";
		};
		04C5312121212BCB00C90964 /* waterConservancyUITests */ = {
			isa = PBXGroup;
			children = (
				04C5312221212BCB00C90964 /* waterConservancyUITests.m */,
				04C5312421212BCB00C90964 /* Info.plist */,
			);
			path = waterConservancyUITests;
			sourceTree = "<group>";
		};
		04C5313321215BA300C90964 /* Category */ = {
			isa = PBXGroup;
			children = (
			);
			path = Category;
			sourceTree = "<group>";
		};
		04C5313421215BA300C90964 /* Utils */ = {
			isa = PBXGroup;
			children = (
			);
			path = Utils;
			sourceTree = "<group>";
		};
		04C5313521215BA300C90964 /* Classes */ = {
			isa = PBXGroup;
			children = (
				0471299D2121734C00EEADE5 /* Gateway(门户) */,
				047129992121734C00EEADE5 /* MailList(通讯录) */,
				0471298D2121734C00EEADE5 /* SecurityCloud(安全云) */,
				047129952121734C00EEADE5 /* Special(专题图) */,
				047129912121734C00EEADE5 /* Work(办公) */,
				04C5313821215BCA00C90964 /* Base */,
			);
			path = Classes;
			sourceTree = "<group>";
		};
		04C5313621215BA300C90964 /* Manager */ = {
			isa = PBXGroup;
			children = (
			);
			path = Manager;
			sourceTree = "<group>";
		};
		04C5313721215BA400C90964 /* Macros */ = {
			isa = PBXGroup;
			children = (
				04C5313A21215E3100C90964 /* WaterConservancy-Prefix.pch */,
				04C5313C21215E6A00C90964 /* CommonMacro.h */,
				0471298C21216CF300EEADE5 /* TypeDefine.h */,
				047129B521217FEC00EEADE5 /* CodingStandard.h */,
			);
			path = Macros;
			sourceTree = "<group>";
		};
		04C5313821215BCA00C90964 /* Base */ = {
			isa = PBXGroup;
			children = (
				04C531302121356800C90964 /* BaseRootTabBarController.h */,
				04C531312121356800C90964 /* BaseRootTabBarController.m */,
				0471298921216A1900EEADE5 /* BaseViewController.h */,
				0471298A21216A1900EEADE5 /* BaseViewController.m */,
			);
			path = Base;
			sourceTree = "<group>";
		};
/* End PBXGroup section */

/* Begin PBXNativeTarget section */
		04C530FA21212BC900C90964 /* waterConservancy */ = {
			isa = PBXNativeTarget;
			buildConfigurationList = 04C5312721212BCB00C90964 /* Build configuration list for PBXNativeTarget "waterConservancy" */;
			buildPhases = (
				04C530F721212BC900C90964 /* Sources */,
				04C530F821212BC900C90964 /* Frameworks */,
				04C530F921212BC900C90964 /* Resources */,
			);
			buildRules = (
			);
			dependencies = (
			);
			name = waterConservancy;
			productName = waterConservancy;
			productReference = 04C530FB21212BC900C90964 /* waterConservancy.app */;
			productType = "com.apple.product-type.application";
		};
		04C5311221212BCB00C90964 /* waterConservancyTests */ = {
			isa = PBXNativeTarget;
			buildConfigurationList = 04C5312A21212BCB00C90964 /* Build configuration list for PBXNativeTarget "waterConservancyTests" */;
			buildPhases = (
				04C5310F21212BCB00C90964 /* Sources */,
				04C5311021212BCB00C90964 /* Frameworks */,
				04C5311121212BCB00C90964 /* Resources */,
			);
			buildRules = (
			);
			dependencies = (
				04C5311521212BCB00C90964 /* PBXTargetDependency */,
			);
			name = waterConservancyTests;
			productName = waterConservancyTests;
			productReference = 04C5311321212BCB00C90964 /* waterConservancyTests.xctest */;
			productType = "com.apple.product-type.bundle.unit-test";
		};
		04C5311D21212BCB00C90964 /* waterConservancyUITests */ = {
			isa = PBXNativeTarget;
			buildConfigurationList = 04C5312D21212BCB00C90964 /* Build configuration list for PBXNativeTarget "waterConservancyUITests" */;
			buildPhases = (
				04C5311A21212BCB00C90964 /* Sources */,
				04C5311B21212BCB00C90964 /* Frameworks */,
				04C5311C21212BCB00C90964 /* Resources */,
			);
			buildRules = (
			);
			dependencies = (
				04C5312021212BCB00C90964 /* PBXTargetDependency */,
			);
			name = waterConservancyUITests;
			productName = waterConservancyUITests;
			productReference = 04C5311E21212BCB00C90964 /* waterConservancyUITests.xctest */;
			productType = "com.apple.product-type.bundle.ui-testing";
		};
/* End PBXNativeTarget section */

/* Begin PBXProject section */
		04C530F321212BC900C90964 /* Project object */ = {
			isa = PBXProject;
			attributes = {
				CLASSPREFIX = WL;
				LastUpgradeCheck = 0940;
				ORGANIZATIONNAME = com.yx.waterConservancy;
				TargetAttributes = {
					04C530FA21212BC900C90964 = {
						CreatedOnToolsVersion = 9.4.1;
					};
					04C5311221212BCB00C90964 = {
						CreatedOnToolsVersion = 9.4.1;
						TestTargetID = 04C530FA21212BC900C90964;
					};
					04C5311D21212BCB00C90964 = {
						CreatedOnToolsVersion = 9.4.1;
						TestTargetID = 04C530FA21212BC900C90964;
					};
				};
			};
			buildConfigurationList = 04C530F621212BC900C90964 /* Build configuration list for PBXProject "waterConservancy" */;
			compatibilityVersion = "Xcode 9.3";
			developmentRegion = en;
			hasScannedForEncodings = 0;
			knownRegions = (
				en,
				Base,
			);
			mainGroup = 04C530F221212BC900C90964;
			productRefGroup = 04C530FC21212BC900C90964 /* Products */;
			projectDirPath = "";
			projectRoot = "";
			targets = (
				04C530FA21212BC900C90964 /* waterConservancy */,
				04C5311221212BCB00C90964 /* waterConservancyTests */,
				04C5311D21212BCB00C90964 /* waterConservancyUITests */,
			);
		};
/* End PBXProject section */

/* Begin PBXResourcesBuildPhase section */
		04C530F921212BC900C90964 /* Resources */ = {
			isa = PBXResourcesBuildPhase;
			buildActionMask = 2147483647;
			files = (
				04C5310B21212BCB00C90964 /* LaunchScreen.storyboard in Resources */,
				047129A7212175A700EEADE5 /* Gateway.storyboard in Resources */,
				047129A32121757300EEADE5 /* Work.storyboard in Resources */,
				047129A52121758D00EEADE5 /* MailList.storyboard in Resources */,
				04C5310821212BCB00C90964 /* Assets.xcassets in Resources */,
				047129A9212175BC00EEADE5 /* Special.storyboard in Resources */,
				047129AB212175CF00EEADE5 /* SecurityCloud.storyboard in Resources */,
				04C5310621212BC900C90964 /* Main.storyboard in Resources */,
			);
			runOnlyForDeploymentPostprocessing = 0;
		};
		04C5311121212BCB00C90964 /* Resources */ = {
			isa = PBXResourcesBuildPhase;
			buildActionMask = 2147483647;
			files = (
			);
			runOnlyForDeploymentPostprocessing = 0;
		};
		04C5311C21212BCB00C90964 /* Resources */ = {
			isa = PBXResourcesBuildPhase;
			buildActionMask = 2147483647;
			files = (
			);
			runOnlyForDeploymentPostprocessing = 0;
		};
/* End PBXResourcesBuildPhase section */

/* Begin PBXSourcesBuildPhase section */
		04C530F721212BC900C90964 /* Sources */ = {
			isa = PBXSourcesBuildPhase;
			buildActionMask = 2147483647;
			files = (
				04C531322121356800C90964 /* BaseRootTabBarController.m in Sources */,
				0471298B21216A1900EEADE5 /* BaseViewController.m in Sources */,
				047129B421217EF600EEADE5 /* WorkViewController.m in Sources */,
				04C5310E21212BCB00C90964 /* main.m in Sources */,
				04C5310021212BC900C90964 /* AppDelegate.m in Sources */,
			);
			runOnlyForDeploymentPostprocessing = 0;
		};
		04C5310F21212BCB00C90964 /* Sources */ = {
			isa = PBXSourcesBuildPhase;
			buildActionMask = 2147483647;
			files = (
				04C5311821212BCB00C90964 /* waterConservancyTests.m in Sources */,
			);
			runOnlyForDeploymentPostprocessing = 0;
		};
		04C5311A21212BCB00C90964 /* Sources */ = {
			isa = PBXSourcesBuildPhase;
			buildActionMask = 2147483647;
			files = (
				04C5312321212BCB00C90964 /* waterConservancyUITests.m in Sources */,
			);
			runOnlyForDeploymentPostprocessing = 0;
		};
/* End PBXSourcesBuildPhase section */

/* Begin PBXTargetDependency section */
		04C5311521212BCB00C90964 /* PBXTargetDependency */ = {
			isa = PBXTargetDependency;
			target = 04C530FA21212BC900C90964 /* waterConservancy */;
			targetProxy = 04C5311421212BCB00C90964 /* PBXContainerItemProxy */;
		};
		04C5312021212BCB00C90964 /* PBXTargetDependency */ = {
			isa = PBXTargetDependency;
			target = 04C530FA21212BC900C90964 /* waterConservancy */;
			targetProxy = 04C5311F21212BCB00C90964 /* PBXContainerItemProxy */;
		};
/* End PBXTargetDependency section */

/* Begin PBXVariantGroup section */
		04C5310421212BC900C90964 /* Main.storyboard */ = {
			isa = PBXVariantGroup;
			children = (
				04C5310521212BC900C90964 /* Base */,
			);
			name = Main.storyboard;
			sourceTree = "<group>";
		};
		04C5310921212BCB00C90964 /* LaunchScreen.storyboard */ = {
			isa = PBXVariantGroup;
			children = (
				04C5310A21212BCB00C90964 /* Base */,
			);
			name = LaunchScreen.storyboard;
			sourceTree = "<group>";
		};
/* End PBXVariantGroup section */

/* Begin XCBuildConfiguration section */
		04C5312521212BCB00C90964 /* Debug */ = {
			isa = XCBuildConfiguration;
			buildSettings = {
				ALWAYS_SEARCH_USER_PATHS = NO;
				CLANG_ANALYZER_NONNULL = YES;
				CLANG_ANALYZER_NUMBER_OBJECT_CONVERSION = YES_AGGRESSIVE;
				CLANG_CXX_LANGUAGE_STANDARD = "gnu++14";
				CLANG_CXX_LIBRARY = "libc++";
				CLANG_ENABLE_MODULES = YES;
				CLANG_ENABLE_OBJC_ARC = YES;
				CLANG_ENABLE_OBJC_WEAK = YES;
				CLANG_WARN_BLOCK_CAPTURE_AUTORELEASING = YES;
				CLANG_WARN_BOOL_CONVERSION = YES;
				CLANG_WARN_COMMA = YES;
				CLANG_WARN_CONSTANT_CONVERSION = YES;
				CLANG_WARN_DEPRECATED_OBJC_IMPLEMENTATIONS = YES;
				CLANG_WARN_DIRECT_OBJC_ISA_USAGE = YES_ERROR;
				CLANG_WARN_DOCUMENTATION_COMMENTS = YES;
				CLANG_WARN_EMPTY_BODY = YES;
				CLANG_WARN_ENUM_CONVERSION = YES;
				CLANG_WARN_INFINITE_RECURSION = YES;
				CLANG_WARN_INT_CONVERSION = YES;
				CLANG_WARN_NON_LITERAL_NULL_CONVERSION = YES;
				CLANG_WARN_OBJC_IMPLICIT_RETAIN_SELF = YES;
				CLANG_WARN_OBJC_LITERAL_CONVERSION = YES;
				CLANG_WARN_OBJC_ROOT_CLASS = YES_ERROR;
				CLANG_WARN_RANGE_LOOP_ANALYSIS = YES;
				CLANG_WARN_STRICT_PROTOTYPES = YES;
				CLANG_WARN_SUSPICIOUS_MOVE = YES;
				CLANG_WARN_UNGUARDED_AVAILABILITY = YES_AGGRESSIVE;
				CLANG_WARN_UNREACHABLE_CODE = YES;
				CLANG_WARN__DUPLICATE_METHOD_MATCH = YES;
				CODE_SIGN_IDENTITY = "iPhone Developer";
				COPY_PHASE_STRIP = NO;
				DEBUG_INFORMATION_FORMAT = dwarf;
				ENABLE_STRICT_OBJC_MSGSEND = YES;
				ENABLE_TESTABILITY = YES;
				GCC_C_LANGUAGE_STANDARD = gnu11;
				GCC_DYNAMIC_NO_PIC = NO;
				GCC_NO_COMMON_BLOCKS = YES;
				GCC_OPTIMIZATION_LEVEL = 0;
				GCC_PREPROCESSOR_DEFINITIONS = (
					"DEBUG=1",
					"$(inherited)",
				);
				GCC_WARN_64_TO_32_BIT_CONVERSION = YES;
				GCC_WARN_ABOUT_RETURN_TYPE = YES_ERROR;
				GCC_WARN_UNDECLARED_SELECTOR = YES;
				GCC_WARN_UNINITIALIZED_AUTOS = YES_AGGRESSIVE;
				GCC_WARN_UNUSED_FUNCTION = YES;
				GCC_WARN_UNUSED_VARIABLE = YES;
				IPHONEOS_DEPLOYMENT_TARGET = 11.4;
				MTL_ENABLE_DEBUG_INFO = YES;
				ONLY_ACTIVE_ARCH = YES;
				SDKROOT = iphoneos;
			};
			name = Debug;
		};
		04C5312621212BCB00C90964 /* Release */ = {
			isa = XCBuildConfiguration;
			buildSettings = {
				ALWAYS_SEARCH_USER_PATHS = NO;
				CLANG_ANALYZER_NONNULL = YES;
				CLANG_ANALYZER_NUMBER_OBJECT_CONVERSION = YES_AGGRESSIVE;
				CLANG_CXX_LANGUAGE_STANDARD = "gnu++14";
				CLANG_CXX_LIBRARY = "libc++";
				CLANG_ENABLE_MODULES = YES;
				CLANG_ENABLE_OBJC_ARC = YES;
				CLANG_ENABLE_OBJC_WEAK = YES;
				CLANG_WARN_BLOCK_CAPTURE_AUTORELEASING = YES;
				CLANG_WARN_BOOL_CONVERSION = YES;
				CLANG_WARN_COMMA = YES;
				CLANG_WARN_CONSTANT_CONVERSION = YES;
				CLANG_WARN_DEPRECATED_OBJC_IMPLEMENTATIONS = YES;
				CLANG_WARN_DIRECT_OBJC_ISA_USAGE = YES_ERROR;
				CLANG_WARN_DOCUMENTATION_COMMENTS = YES;
				CLANG_WARN_EMPTY_BODY = YES;
				CLANG_WARN_ENUM_CONVERSION = YES;
				CLANG_WARN_INFINITE_RECURSION = YES;
				CLANG_WARN_INT_CONVERSION = YES;
				CLANG_WARN_NON_LITERAL_NULL_CONVERSION = YES;
				CLANG_WARN_OBJC_IMPLICIT_RETAIN_SELF = YES;
				CLANG_WARN_OBJC_LITERAL_CONVERSION = YES;
				CLANG_WARN_OBJC_ROOT_CLASS = YES_ERROR;
				CLANG_WARN_RANGE_LOOP_ANALYSIS = YES;
				CLANG_WARN_STRICT_PROTOTYPES = YES;
				CLANG_WARN_SUSPICIOUS_MOVE = YES;
				CLANG_WARN_UNGUARDED_AVAILABILITY = YES_AGGRESSIVE;
				CLANG_WARN_UNREACHABLE_CODE = YES;
				CLANG_WARN__DUPLICATE_METHOD_MATCH = YES;
				CODE_SIGN_IDENTITY = "iPhone Developer";
				COPY_PHASE_STRIP = NO;
				DEBUG_INFORMATION_FORMAT = "dwarf-with-dsym";
				ENABLE_NS_ASSERTIONS = NO;
				ENABLE_STRICT_OBJC_MSGSEND = YES;
				GCC_C_LANGUAGE_STANDARD = gnu11;
				GCC_NO_COMMON_BLOCKS = YES;
				GCC_WARN_64_TO_32_BIT_CONVERSION = YES;
				GCC_WARN_ABOUT_RETURN_TYPE = YES_ERROR;
				GCC_WARN_UNDECLARED_SELECTOR = YES;
				GCC_WARN_UNINITIALIZED_AUTOS = YES_AGGRESSIVE;
				GCC_WARN_UNUSED_FUNCTION = YES;
				GCC_WARN_UNUSED_VARIABLE = YES;
				IPHONEOS_DEPLOYMENT_TARGET = 11.4;
				MTL_ENABLE_DEBUG_INFO = NO;
				SDKROOT = iphoneos;
				VALIDATE_PRODUCT = YES;
			};
			name = Release;
		};
		04C5312821212BCB00C90964 /* Debug */ = {
			isa = XCBuildConfiguration;
			buildSettings = {
				ASSETCATALOG_COMPILER_APPICON_NAME = AppIcon;
				CODE_SIGN_IDENTITY = "iPhone Developer";
				CODE_SIGN_STYLE = Automatic;
				DEVELOPMENT_TEAM = 8RG9BDMV8Q;
				GCC_INCREASE_PRECOMPILED_HEADER_SHARING = NO;
				GCC_PREFIX_HEADER = "$(SRCROOT)/waterConservancy/Macros/WaterConservancy-Prefix.pch";
				INFOPLIST_FILE = waterConservancy/Info.plist;
				IPHONEOS_DEPLOYMENT_TARGET = 8.0;
				LD_RUNPATH_SEARCH_PATHS = (
					"$(inherited)",
					"@executable_path/Frameworks",
				);
				PRODUCT_BUNDLE_IDENTIFIER = com.yx.shuili;
				PRODUCT_NAME = "$(TARGET_NAME)";
				PROVISIONING_PROFILE = "";
				PROVISIONING_PROFILE_SPECIFIER = "";
				TARGETED_DEVICE_FAMILY = "1,2";
			};
			name = Debug;
		};
		04C5312921212BCB00C90964 /* Release */ = {
			isa = XCBuildConfiguration;
			buildSettings = {
				ASSETCATALOG_COMPILER_APPICON_NAME = AppIcon;
				CODE_SIGN_IDENTITY = "iPhone Developer";
				CODE_SIGN_STYLE = Automatic;
				DEVELOPMENT_TEAM = 8RG9BDMV8Q;
				GCC_INCREASE_PRECOMPILED_HEADER_SHARING = NO;
				GCC_PREFIX_HEADER = "$(SRCROOT)/waterConservancy/Macros/WaterConservancy-Prefix.pch";
				INFOPLIST_FILE = waterConservancy/Info.plist;
				IPHONEOS_DEPLOYMENT_TARGET = 8.0;
				LD_RUNPATH_SEARCH_PATHS = (
					"$(inherited)",
					"@executable_path/Frameworks",
				);
				PRODUCT_BUNDLE_IDENTIFIER = com.yx.shuili;
				PRODUCT_NAME = "$(TARGET_NAME)";
				PROVISIONING_PROFILE = "";
				PROVISIONING_PROFILE_SPECIFIER = "";
				TARGETED_DEVICE_FAMILY = "1,2";
			};
			name = Release;
		};
		04C5312B21212BCB00C90964 /* Debug */ = {
			isa = XCBuildConfiguration;
			buildSettings = {
				BUNDLE_LOADER = "$(TEST_HOST)";
				CODE_SIGN_STYLE = Automatic;
				INFOPLIST_FILE = waterConservancyTests/Info.plist;
				LD_RUNPATH_SEARCH_PATHS = (
					"$(inherited)",
					"@executable_path/Frameworks",
					"@loader_path/Frameworks",
				);
				PRODUCT_BUNDLE_IDENTIFIER = com.yx.waterConservancyTests;
				PRODUCT_NAME = "$(TARGET_NAME)";
				TARGETED_DEVICE_FAMILY = "1,2";
				TEST_HOST = "$(BUILT_PRODUCTS_DIR)/waterConservancy.app/waterConservancy";
			};
			name = Debug;
		};
		04C5312C21212BCB00C90964 /* Release */ = {
			isa = XCBuildConfiguration;
			buildSettings = {
				BUNDLE_LOADER = "$(TEST_HOST)";
				CODE_SIGN_STYLE = Automatic;
				INFOPLIST_FILE = waterConservancyTests/Info.plist;
				LD_RUNPATH_SEARCH_PATHS = (
					"$(inherited)",
					"@executable_path/Frameworks",
					"@loader_path/Frameworks",
				);
				PRODUCT_BUNDLE_IDENTIFIER = com.yx.waterConservancyTests;
				PRODUCT_NAME = "$(TARGET_NAME)";
				TARGETED_DEVICE_FAMILY = "1,2";
				TEST_HOST = "$(BUILT_PRODUCTS_DIR)/waterConservancy.app/waterConservancy";
			};
			name = Release;
		};
		04C5312E21212BCB00C90964 /* Debug */ = {
			isa = XCBuildConfiguration;
			buildSettings = {
				CODE_SIGN_STYLE = Automatic;
				INFOPLIST_FILE = waterConservancyUITests/Info.plist;
				LD_RUNPATH_SEARCH_PATHS = (
					"$(inherited)",
					"@executable_path/Frameworks",
					"@loader_path/Frameworks",
				);
				PRODUCT_BUNDLE_IDENTIFIER = com.yx.waterConservancyUITests;
				PRODUCT_NAME = "$(TARGET_NAME)";
				TARGETED_DEVICE_FAMILY = "1,2";
				TEST_TARGET_NAME = waterConservancy;
			};
			name = Debug;
		};
		04C5312F21212BCB00C90964 /* Release */ = {
			isa = XCBuildConfiguration;
			buildSettings = {
				CODE_SIGN_STYLE = Automatic;
				INFOPLIST_FILE = waterConservancyUITests/Info.plist;
				LD_RUNPATH_SEARCH_PATHS = (
					"$(inherited)",
					"@executable_path/Frameworks",
					"@loader_path/Frameworks",
				);
				PRODUCT_BUNDLE_IDENTIFIER = com.yx.waterConservancyUITests;
				PRODUCT_NAME = "$(TARGET_NAME)";
				TARGETED_DEVICE_FAMILY = "1,2";
				TEST_TARGET_NAME = waterConservancy;
			};
			name = Release;
		};
/* End XCBuildConfiguration section */

/* Begin XCConfigurationList section */
		04C530F621212BC900C90964 /* Build configuration list for PBXProject "waterConservancy" */ = {
			isa = XCConfigurationList;
			buildConfigurations = (
				04C5312521212BCB00C90964 /* Debug */,
				04C5312621212BCB00C90964 /* Release */,
			);
			defaultConfigurationIsVisible = 0;
			defaultConfigurationName = Release;
		};
		04C5312721212BCB00C90964 /* Build configuration list for PBXNativeTarget "waterConservancy" */ = {
			isa = XCConfigurationList;
			buildConfigurations = (
				04C5312821212BCB00C90964 /* Debug */,
				04C5312921212BCB00C90964 /* Release */,
			);
			defaultConfigurationIsVisible = 0;
			defaultConfigurationName = Release;
		};
		04C5312A21212BCB00C90964 /* Build configuration list for PBXNativeTarget "waterConservancyTests" */ = {
			isa = XCConfigurationList;
			buildConfigurations = (
				04C5312B21212BCB00C90964 /* Debug */,
				04C5312C21212BCB00C90964 /* Release */,
			);
			defaultConfigurationIsVisible = 0;
			defaultConfigurationName = Release;
		};
		04C5312D21212BCB00C90964 /* Build configuration list for PBXNativeTarget "waterConservancyUITests" */ = {
			isa = XCConfigurationList;
			buildConfigurations = (
				04C5312E21212BCB00C90964 /* Debug */,
				04C5312F21212BCB00C90964 /* Release */,
			);
			defaultConfigurationIsVisible = 0;
			defaultConfigurationName = Release;
		};
/* End XCConfigurationList section */
	};
	rootObject = 04C530F321212BC900C90964 /* Project object */;
}
